
Microsoft Visual Studio Solution File, Format Version 12.00
# Visual Studio 15
VisualStudioVersion = 15.0.26430.12
MinimumVisualStudioVersion = 10.0.40219.1
Project("{2150E333-8FDC-42A3-9474-1A3956D46DE8}") = "Apps2", "Apps2", "{79A35CD4-0CA7-4AB2-ABAC-C8884C087221}"
EndProject
Project("{F184B08F-C81C-45F6-A57F-5ABD9991F28F}") = "Case.Subs.DeleteViewsAndPurge", "2018\Case.Subs.DeleteViewsAndPurge\Case.Subs.DeleteViewsAndPurge\Case.Subs.DeleteViewsAndPurge.vbproj", "{2EA63451-D4F2-4F3F-AA5B-E266D95B3595}"
EndProject
Project("{F184B08F-C81C-45F6-A57F-5ABD9991F28F}") = "Case.Subs.Exceler8", "2018\Case.Subs.Exceler8\Case.Subs.Exceler8\Case.Subs.Exceler8.vbproj", "{1D8A4A86-6E0E-49AB-980D-6622663268C8}"
EndProject
Project("{F184B08F-C81C-45F6-A57F-5ABD9991F28F}") = "Case.Subs.Linestyles", "2018\Case.Subs.Linestyles\Case.Subs.Linestyles\Case.Subs.Linestyles.vbproj", "{C8BFC563-62BC-4ADC-A020-C609E28BC47D}"
EndProject
Project("{F184B08F-C81C-45F6-A57F-5ABD9991F28F}") = "Case.Subs.MultiViewDuplicate", "2018\Case.Subs.MultiViewDuplicate\Case.Subs.MultiViewDuplicate\Case.Subs.MultiViewDuplicate.vbproj", "{78BCA56B-C985-4790-94C0-AC1C118D0C04}"
EndProject
Project("{F184B08F-C81C-45F6-A57F-5ABD9991F28F}") = "Case.Subs.Renamer", "2018\Case.Subs.Renamer\Case.Subs.Renamer\Case.Subs.Renamer.vbproj", "{2A00C86A-5384-438E-BA36-EEABDC59132E}"
EndProject
Project("{F184B08F-C81C-45F6-A57F-5ABD9991F28F}") = "Case.Subs.RoomsToMass", "2018\Case.Subs.RoomsToMass\Case.Subs.RoomsToMass\Case.Subs.RoomsToMass.vbproj", "{B999792D-9486-46F8-90A5-39D8804D2577}"
EndProject
Project("{F184B08F-C81C-45F6-A57F-5ABD9991F28F}") = "Case.Subs.SharedParameters", "2018\Case.Subs.SharedParameters\Case.Subs.SharedParameters\Case.Subs.SharedParameters.vbproj", "{28E236B2-FC51-4FEF-B4B2-6465455AD369}"
EndProject
Project("{F184B08F-C81C-45F6-A57F-5ABD9991F28F}") = "Case.Subs.SuperTag", "2018\Case.Subs.SuperTag\Case.Subs.SuperTag\Case.Subs.SuperTag.vbproj", "{3166CF41-0BA9-491A-B20B-8E1E7F288400}"
EndProject
Project("{F184B08F-C81C-45F6-A57F-5ABD9991F28F}") = "Case.Subs.ViewSync", "2018\Case.Subs.ViewSync\Case.Subs.ViewSync\Case.Subs.ViewSync.vbproj", "{8B12AE26-2C0A-47B0-A453-59E772BE4B1F}"
EndProject
Project("{F184B08F-C81C-45F6-A57F-5ABD9991F28F}") = "Case.Subs.ViewTemplates", "2018\Case.Subs.ViewTemplates\Case.Subs.ViewTemplates\Case.Subs.ViewTemplates.vbproj", "{06693B5D-C7EC-441C-9668-412FE2788D38}"
EndProject
Project("{F184B08F-C81C-45F6-A57F-5ABD9991F28F}") = "Case.Subs.Worksets", "2018\Case.Subs.Worksets\Case.Subs.Worksets\Case.Subs.Worksets.vbproj", "{12A96179-7A82-4602-B4FD-9BD3602B5F25}"
EndProject
Project("{F184B08F-C81C-45F6-A57F-5ABD9991F28F}") = "Case.Subs.Xyz", "2018\Case.Subs.Xyz\Case.Subs.Xyz\Case.Subs.Xyz.vbproj", "{A5C33B0A-65C1-46B5-A48B-108D8AC2EDBC}"
EndProject
Project("{FAE04EC0-301F-11D3-BF4B-00C04F79EFBC}") = "Case.ApplySysOrient", "2018\Case.ApplySysOrient\Case.ApplySysOrient.csproj", "{C22FB38E-F3CF-4DDA-A3A9-2C3636E388AC}"
EndProject
Project("{F184B08F-C81C-45F6-A57F-5ABD9991F28F}") = "Case.BasicReporting", "2018\Case.BasicReporting\Case.BasicReporting\Case.BasicReporting.vbproj", "{3308EFC3-F631-4A05-B02C-BDACF383CA27}"
EndProject
Project("{F184B08F-C81C-45F6-A57F-5ABD9991F28F}") = "Case.ChangeReplaceFamTypeNames", "2018\Case.ChangeReplaceFamTypeNames\Case.ChangeReplaceFamTypeNames\Case.ChangeReplaceFamTypeNames.vbproj", "{15957C16-D16D-4F96-982C-DA2DB3018AE7}"
EndProject
Project("{F184B08F-C81C-45F6-A57F-5ABD9991F28F}") = "Case.DeleteViewsAndPurge", "2018\Case.DeleteViewsAndPurge\Case.DeleteViewsAndPurge\Case.DeleteViewsAndPurge.vbproj", "{2D5B259E-F08F-4470-9087-D21D5F3670B6}"
EndProject
Project("{F184B08F-C81C-45F6-A57F-5ABD9991F28F}") = "Case.Directionality", "2018\Case.Directionality\Case.Directionality\Case.Directionality.vbproj", "{A4C115D6-11FD-4C1C-9682-93D118A34090}"
EndProject
Project("{F184B08F-C81C-45F6-A57F-5ABD9991F28F}") = "Case.DoorMarkRenumber", "2018\Case.DoorMarkRenumber\Case.DoorMarkRenumber\Case.DoorMarkRenumber.vbproj", "{F16ACEAB-3D41-411C-BF3B-B25953BA5C89}"
EndProject
Project("{F184B08F-C81C-45F6-A57F-5ABD9991F28F}") = "Case.Export.Families", "2018\Case.Export.Families\Case.Export.Families\Case.Export.Families.vbproj", "{8BC5E3B5-9D5C-4373-A8D9-019C2D9F8D78}"
EndProject
Project("{FAE04EC0-301F-11D3-BF4B-00C04F79EFBC}") = "Case.ExportSharedParameters", "2018\Case.ExportSharedParameters\Case.ExportSharedParameters\Case.ExportSharedParameters.csproj", "{A9309DBB-BEEE-48C1-9EA4-3504647248E0}"
EndProject
Project("{F184B08F-C81C-45F6-A57F-5ABD9991F28F}") = "Case.ExtrudeRoomsToMass", "2018\Case.ExtrudeRoomsToMass\Case.ExtrudeRoomsToMass\Case.ExtrudeRoomsToMass.vbproj", "{BD99B215-1868-429A-83A7-124A0DED8F7B}"
EndProject
Project("{F184B08F-C81C-45F6-A57F-5ABD9991F28F}") = "Case.HiddenParameterToParameter", "2018\Case.HiddenParameterToParameter\Case.HiddenParameterToParameter\Case.HiddenParameterToParameter.vbproj", "{CBDD3FA2-8EA1-4194-8105-BB0B3B33AD4A}"
EndProject
Project("{F184B08F-C81C-45F6-A57F-5ABD9991F28F}") = "Case.ImageToDraftingView", "2018\Case.ImageToDraftingView\Case.ImageToDraftingView\Case.ImageToDraftingView.vbproj", "{7DC2A9BC-9A5A-4F84-8009-FF0D9353061E}"
EndProject
Project("{F184B08F-C81C-45F6-A57F-5ABD9991F28F}") = "Case.LightingLayout", "2018\Case.LightingLayout\Case.LightingLayout\Case.LightingLayout.vbproj", "{3F5F7FD9-78AC-488D-A688-0138A713E786}"
EndProject
Project("{F184B08F-C81C-45F6-A57F-5ABD9991F28F}") = "Case.ChangeLineStyles", "2018\Case.LineChanger\Case.LineChanger\Case.ChangeLineStyles.vbproj", "{365BBBDB-3221-48CD-826A-456AC0313DEC}"
EndProject
Project("{F184B08F-C81C-45F6-A57F-5ABD9991F28F}") = "Case.ModeledRoomTags", "2018\Case.ModeledRoomTags\Case.ModeledRoomTags\Case.ModeledRoomTags.vbproj", "{541BBB0F-E9D2-4FC7-A0FF-E9367B5722CD}"
EndProject
Project("{F184B08F-C81C-45F6-A57F-5ABD9991F28F}") = "Case.MultiViewDuplicate", "2018\Case.MultiViewDuplicate\Case.MultiViewDuplicate\Case.MultiViewDuplicate.vbproj", "{976CF16B-56F2-481D-BDA8-5624DFCE2324}"
EndProject
Project("{FAE04EC0-301F-11D3-BF4B-00C04F79EFBC}") = "CASE.ReportGroupsByView", "2018\Case.ReportGroupsByView\Case.ReportGroupsByView\CASE.ReportGroupsByView.csproj", "{2006049D-7803-414B-91B0-7D33F1F68C45}"
EndProject
Project("{F184B08F-C81C-45F6-A57F-5ABD9991F28F}") = "Case.RevClouds", "2018\Case.RevClouds\Case.RevClouds\Case.RevClouds.vbproj", "{AB312658-19E1-492D-A99E-2F5B2439EED0}"
EndProject
Project("{F184B08F-C81C-45F6-A57F-5ABD9991F28F}") = "Case.RoomInsertionPoint", "2018\Case.RoomInsertionPoint\Case.RoomInsertionPoint\Case.RoomInsertionPoint.vbproj", "{001F6259-1441-493C-8C72-FA770D283DA9}"
EndProject
Project("{F184B08F-C81C-45F6-A57F-5ABD9991F28F}") = "Case.SharedParameters", "2018\Case.SharedParameters\Case.SharedParameters\Case.SharedParameters.vbproj", "{8A9DBABD-0E5A-4D69-ADDC-184DFF89D27A}"
EndProject
Project("{F184B08F-C81C-45F6-A57F-5ABD9991F28F}") = "Case.ViewportReporting", "2018\Case.ViewportReporting\Case.ViewportReporting\Case.ViewportReporting.vbproj", "{835294C9-5FE5-45AC-97F7-EC7567D4EEF8}"
EndProject
Project("{FAE04EC0-301F-11D3-BF4B-00C04F79EFBC}") = "Case.ViewCreator", "2018\Case.ViewCreator\Case.ViewCreator\Case.ViewCreator.csproj", "{0E153159-8DE5-476D-99B4-719BB0489F9D}"
EndProject
Project("{F184B08F-C81C-45F6-A57F-5ABD9991F28F}") = "Case.ViewTemplates", "2018\Case.ViewTemplates\Case.ViewTemplates\Case.ViewTemplates.vbproj", "{89D21A5F-5A0D-4381-811B-72B25ED00A2D}"
EndProject
Project("{FAE04EC0-301F-11D3-BF4B-00C04F79EFBC}") = "Case.ObjectStyles", "2018\Case.ObjectStyles\Case.ObjectStyles\Case.ObjectStyles.csproj", "{496C8A8F-7702-4657-BC83-1D85682D838F}"
EndProject
Project("{FAE04EC0-301F-11D3-BF4B-00C04F79EFBC}") = "Case.FamilySubcategories", "2018\Case.FamilySubcategories\Case.FamilySubcategories\Case.FamilySubcategories.csproj", "{E03DAB9A-0ECD-4916-A06D-58C0215601B2}"
EndProject
Project("{F184B08F-C81C-45F6-A57F-5ABD9991F28F}") = "Case.RoomSync", "2018\Case.RoomSync\Case.RoomSync\Case.RoomSync.vbproj", "{444996F6-91F4-4640-B7E0-13D25CFBA2EC}"
EndProject
Project("{FAE04EC0-301F-11D3-BF4B-00C04F79EFBC}") = "Case.ParallelWalls", "2018\Case.ParallelWalls\Case.ParallelWalls\Case.ParallelWalls.csproj", "{763E9DC4-BC9F-4CA0-81EB-83486E820CB9}"
EndProject
Project("{2150E333-8FDC-42A3-9474-1A3956D46DE8}") = "Apps1", "Apps1", "{273F2DB4-AC75-4342-83AD-167FBECC4CB6}"
EndProject
Project("{F184B08F-C81C-45F6-A57F-5ABD9991F28F}") = "Case.AppsRibbon", "Case.AppsRibbon.2018\Case.AppsRibbon.vbproj", "{D3AB562A-3DFD-47FF-AD9F-B5F5677A5FC3}"
EndProject
Project("{2150E333-8FDC-42A3-9474-1A3956D46DE8}") = "Apps3", "Apps3", "{AB1632EB-CC4A-4AB1-885F-C6A60F389A53}"
EndProject
Project("{FAE04EC0-301F-11D3-BF4B-00C04F79EFBC}") = "Case.Subs.KeyMatcher", "2018\Case.Subs.KeyMatcher\Case.Subs.KeyMatcher.csproj", "{E8B8A824-EEFE-4325-904A-A75FF0AB3897}"
EndProject
Project("{FAE04EC0-301F-11D3-BF4B-00C04F79EFBC}") = "Case.DimensionOverrides", "2018\Case.DimensionOverrides\Case.DimensionOverrides\Case.DimensionOverrides.csproj", "{3BCE7EDA-8BAD-4659-B5A9-7DADD0B2C5B4}"
EndProject
Project("{FAE04EC0-301F-11D3-BF4B-00C04F79EFBC}") = "Case.UngroupAll", "2018\Case.UngroupAll\Case.UngroupAll\Case.UngroupAll.csproj", "{2BF08993-CC8B-43A8-B3DF-FA288C246E64}"
EndProject
Project("{2150E333-8FDC-42A3-9474-1A3956D46DE8}") = "2018", "2018", "{783F0223-8009-460B-9A81-032E75A12FEE}"
EndProject
Global
	GlobalSection(SolutionConfigurationPlatforms) = preSolution
		Debug|Any CPU = Debug|Any CPU
		Debug|Mixed Platforms = Debug|Mixed Platforms
		Debug|x64 = Debug|x64
		Debug|x86 = Debug|x86
		Release|Any CPU = Release|Any CPU
		Release|Mixed Platforms = Release|Mixed Platforms
		Release|x64 = Release|x64
		Release|x86 = Release|x86
	EndGlobalSection
	GlobalSection(ProjectConfigurationPlatforms) = postSolution
		{2EA63451-D4F2-4F3F-AA5B-E266D95B3595}.Debug|Any CPU.ActiveCfg = Debug|Any CPU
		{2EA63451-D4F2-4F3F-AA5B-E266D95B3595}.Debug|Any CPU.Build.0 = Debug|Any CPU
		{2EA63451-D4F2-4F3F-AA5B-E266D95B3595}.Debug|Mixed Platforms.ActiveCfg = Debug|Any CPU
		{2EA63451-D4F2-4F3F-AA5B-E266D95B3595}.Debug|Mixed Platforms.Build.0 = Debug|Any CPU
		{2EA63451-D4F2-4F3F-AA5B-E266D95B3595}.Debug|x64.ActiveCfg = Debug|Any CPU
		{2EA63451-D4F2-4F3F-AA5B-E266D95B3595}.Debug|x86.ActiveCfg = Debug|Any CPU
		{2EA63451-D4F2-4F3F-AA5B-E266D95B3595}.Release|Any CPU.ActiveCfg = Release|Any CPU
		{2EA63451-D4F2-4F3F-AA5B-E266D95B3595}.Release|Any CPU.Build.0 = Release|Any CPU
		{2EA63451-D4F2-4F3F-AA5B-E266D95B3595}.Release|Mixed Platforms.ActiveCfg = Release|Any CPU
		{2EA63451-D4F2-4F3F-AA5B-E266D95B3595}.Release|Mixed Platforms.Build.0 = Release|Any CPU
		{2EA63451-D4F2-4F3F-AA5B-E266D95B3595}.Release|x64.ActiveCfg = Release|Any CPU
		{2EA63451-D4F2-4F3F-AA5B-E266D95B3595}.Release|x86.ActiveCfg = Release|Any CPU
		{1D8A4A86-6E0E-49AB-980D-6622663268C8}.Debug|Any CPU.ActiveCfg = Debug|Any CPU
		{1D8A4A86-6E0E-49AB-980D-6622663268C8}.Debug|Any CPU.Build.0 = Debug|Any CPU
		{1D8A4A86-6E0E-49AB-980D-6622663268C8}.Debug|Mixed Platforms.ActiveCfg = Debug|Any CPU
		{1D8A4A86-6E0E-49AB-980D-6622663268C8}.Debug|Mixed Platforms.Build.0 = Debug|Any CPU
		{1D8A4A86-6E0E-49AB-980D-6622663268C8}.Debug|x64.ActiveCfg = Debug|Any CPU
		{1D8A4A86-6E0E-49AB-980D-6622663268C8}.Debug|x86.ActiveCfg = Debug|Any CPU
		{1D8A4A86-6E0E-49AB-980D-6622663268C8}.Release|Any CPU.ActiveCfg = Release|Any CPU
		{1D8A4A86-6E0E-49AB-980D-6622663268C8}.Release|Any CPU.Build.0 = Release|Any CPU
		{1D8A4A86-6E0E-49AB-980D-6622663268C8}.Release|Mixed Platforms.ActiveCfg = Release|Any CPU
		{1D8A4A86-6E0E-49AB-980D-6622663268C8}.Release|Mixed Platforms.Build.0 = Release|Any CPU
		{1D8A4A86-6E0E-49AB-980D-6622663268C8}.Release|x64.ActiveCfg = Release|Any CPU
		{1D8A4A86-6E0E-49AB-980D-6622663268C8}.Release|x86.ActiveCfg = Release|Any CPU
		{C8BFC563-62BC-4ADC-A020-C609E28BC47D}.Debug|Any CPU.ActiveCfg = Debug|Any CPU
		{C8BFC563-62BC-4ADC-A020-C609E28BC47D}.Debug|Any CPU.Build.0 = Debug|Any CPU
		{C8BFC563-62BC-4ADC-A020-C609E28BC47D}.Debug|Mixed Platforms.ActiveCfg = Debug|Any CPU
		{C8BFC563-62BC-4ADC-A020-C609E28BC47D}.Debug|Mixed Platforms.Build.0 = Debug|Any CPU
		{C8BFC563-62BC-4ADC-A020-C609E28BC47D}.Debug|x64.ActiveCfg = Debug|Any CPU
		{C8BFC563-62BC-4ADC-A020-C609E28BC47D}.Debug|x86.ActiveCfg = Debug|Any CPU
		{C8BFC563-62BC-4ADC-A020-C609E28BC47D}.Release|Any CPU.ActiveCfg = Release|Any CPU
		{C8BFC563-62BC-4ADC-A020-C609E28BC47D}.Release|Any CPU.Build.0 = Release|Any CPU
		{C8BFC563-62BC-4ADC-A020-C609E28BC47D}.Release|Mixed Platforms.ActiveCfg = Release|Any CPU
		{C8BFC563-62BC-4ADC-A020-C609E28BC47D}.Release|Mixed Platforms.Build.0 = Release|Any CPU
		{C8BFC563-62BC-4ADC-A020-C609E28BC47D}.Release|x64.ActiveCfg = Release|Any CPU
		{C8BFC563-62BC-4ADC-A020-C609E28BC47D}.Release|x86.ActiveCfg = Release|Any CPU
		{78BCA56B-C985-4790-94C0-AC1C118D0C04}.Debug|Any CPU.ActiveCfg = Debug|Any CPU
		{78BCA56B-C985-4790-94C0-AC1C118D0C04}.Debug|Any CPU.Build.0 = Debug|Any CPU
		{78BCA56B-C985-4790-94C0-AC1C118D0C04}.Debug|Mixed Platforms.ActiveCfg = Debug|Any CPU
		{78BCA56B-C985-4790-94C0-AC1C118D0C04}.Debug|Mixed Platforms.Build.0 = Debug|Any CPU
		{78BCA56B-C985-4790-94C0-AC1C118D0C04}.Debug|x64.ActiveCfg = Debug|Any CPU
		{78BCA56B-C985-4790-94C0-AC1C118D0C04}.Debug|x86.ActiveCfg = Debug|Any CPU
		{78BCA56B-C985-4790-94C0-AC1C118D0C04}.Release|Any CPU.ActiveCfg = Release|Any CPU
		{78BCA56B-C985-4790-94C0-AC1C118D0C04}.Release|Any CPU.Build.0 = Release|Any CPU
		{78BCA56B-C985-4790-94C0-AC1C118D0C04}.Release|Mixed Platforms.ActiveCfg = Release|Any CPU
		{78BCA56B-C985-4790-94C0-AC1C118D0C04}.Release|Mixed Platforms.Build.0 = Release|Any CPU
		{78BCA56B-C985-4790-94C0-AC1C118D0C04}.Release|x64.ActiveCfg = Release|Any CPU
		{78BCA56B-C985-4790-94C0-AC1C118D0C04}.Release|x86.ActiveCfg = Release|Any CPU
		{2A00C86A-5384-438E-BA36-EEABDC59132E}.Debug|Any CPU.ActiveCfg = Debug|Any CPU
		{2A00C86A-5384-438E-BA36-EEABDC59132E}.Debug|Any CPU.Build.0 = Debug|Any CPU
		{2A00C86A-5384-438E-BA36-EEABDC59132E}.Debug|Mixed Platforms.ActiveCfg = Debug|Any CPU
		{2A00C86A-5384-438E-BA36-EEABDC59132E}.Debug|Mixed Platforms.Build.0 = Debug|Any CPU
		{2A00C86A-5384-438E-BA36-EEABDC59132E}.Debug|x64.ActiveCfg = Debug|Any CPU
		{2A00C86A-5384-438E-BA36-EEABDC59132E}.Debug|x86.ActiveCfg = Debug|Any CPU
		{2A00C86A-5384-438E-BA36-EEABDC59132E}.Release|Any CPU.ActiveCfg = Release|Any CPU
		{2A00C86A-5384-438E-BA36-EEABDC59132E}.Release|Any CPU.Build.0 = Release|Any CPU
		{2A00C86A-5384-438E-BA36-EEABDC59132E}.Release|Mixed Platforms.ActiveCfg = Release|Any CPU
		{2A00C86A-5384-438E-BA36-EEABDC59132E}.Release|Mixed Platforms.Build.0 = Release|Any CPU
		{2A00C86A-5384-438E-BA36-EEABDC59132E}.Release|x64.ActiveCfg = Release|Any CPU
		{2A00C86A-5384-438E-BA36-EEABDC59132E}.Release|x86.ActiveCfg = Release|Any CPU
		{B999792D-9486-46F8-90A5-39D8804D2577}.Debug|Any CPU.ActiveCfg = Debug|Any CPU
		{B999792D-9486-46F8-90A5-39D8804D2577}.Debug|Any CPU.Build.0 = Debug|Any CPU
		{B999792D-9486-46F8-90A5-39D8804D2577}.Debug|Mixed Platforms.ActiveCfg = Debug|Any CPU
		{B999792D-9486-46F8-90A5-39D8804D2577}.Debug|Mixed Platforms.Build.0 = Debug|Any CPU
		{B999792D-9486-46F8-90A5-39D8804D2577}.Debug|x64.ActiveCfg = Debug|Any CPU
		{B999792D-9486-46F8-90A5-39D8804D2577}.Debug|x86.ActiveCfg = Debug|Any CPU
		{B999792D-9486-46F8-90A5-39D8804D2577}.Release|Any CPU.ActiveCfg = Release|Any CPU
		{B999792D-9486-46F8-90A5-39D8804D2577}.Release|Any CPU.Build.0 = Release|Any CPU
		{B999792D-9486-46F8-90A5-39D8804D2577}.Release|Mixed Platforms.ActiveCfg = Release|Any CPU
		{B999792D-9486-46F8-90A5-39D8804D2577}.Release|Mixed Platforms.Build.0 = Release|Any CPU
		{B999792D-9486-46F8-90A5-39D8804D2577}.Release|x64.ActiveCfg = Release|Any CPU
		{B999792D-9486-46F8-90A5-39D8804D2577}.Release|x86.ActiveCfg = Release|Any CPU
		{28E236B2-FC51-4FEF-B4B2-6465455AD369}.Debug|Any CPU.ActiveCfg = Debug|Any CPU
		{28E236B2-FC51-4FEF-B4B2-6465455AD369}.Debug|Any CPU.Build.0 = Debug|Any CPU
		{28E236B2-FC51-4FEF-B4B2-6465455AD369}.Debug|Mixed Platforms.ActiveCfg = Debug|Any CPU
		{28E236B2-FC51-4FEF-B4B2-6465455AD369}.Debug|Mixed Platforms.Build.0 = Debug|Any CPU
		{28E236B2-FC51-4FEF-B4B2-6465455AD369}.Debug|x64.ActiveCfg = Debug|Any CPU
		{28E236B2-FC51-4FEF-B4B2-6465455AD369}.Debug|x86.ActiveCfg = Debug|Any CPU
		{28E236B2-FC51-4FEF-B4B2-6465455AD369}.Release|Any CPU.ActiveCfg = Release|Any CPU
		{28E236B2-FC51-4FEF-B4B2-6465455AD369}.Release|Any CPU.Build.0 = Release|Any CPU
		{28E236B2-FC51-4FEF-B4B2-6465455AD369}.Release|Mixed Platforms.ActiveCfg = Release|Any CPU
		{28E236B2-FC51-4FEF-B4B2-6465455AD369}.Release|Mixed Platforms.Build.0 = Release|Any CPU
		{28E236B2-FC51-4FEF-B4B2-6465455AD369}.Release|x64.ActiveCfg = Release|Any CPU
		{28E236B2-FC51-4FEF-B4B2-6465455AD369}.Release|x86.ActiveCfg = Release|Any CPU
		{3166CF41-0BA9-491A-B20B-8E1E7F288400}.Debug|Any CPU.ActiveCfg = Debug|Any CPU
		{3166CF41-0BA9-491A-B20B-8E1E7F288400}.Debug|Any CPU.Build.0 = Debug|Any CPU
		{3166CF41-0BA9-491A-B20B-8E1E7F288400}.Debug|Mixed Platforms.ActiveCfg = Debug|Any CPU
		{3166CF41-0BA9-491A-B20B-8E1E7F288400}.Debug|Mixed Platforms.Build.0 = Debug|Any CPU
		{3166CF41-0BA9-491A-B20B-8E1E7F288400}.Debug|x64.ActiveCfg = Debug|Any CPU
		{3166CF41-0BA9-491A-B20B-8E1E7F288400}.Debug|x86.ActiveCfg = Debug|Any CPU
		{3166CF41-0BA9-491A-B20B-8E1E7F288400}.Release|Any CPU.ActiveCfg = Release|Any CPU
		{3166CF41-0BA9-491A-B20B-8E1E7F288400}.Release|Any CPU.Build.0 = Release|Any CPU
		{3166CF41-0BA9-491A-B20B-8E1E7F288400}.Release|Mixed Platforms.ActiveCfg = Release|Any CPU
		{3166CF41-0BA9-491A-B20B-8E1E7F288400}.Release|Mixed Platforms.Build.0 = Release|Any CPU
		{3166CF41-0BA9-491A-B20B-8E1E7F288400}.Release|x64.ActiveCfg = Release|Any CPU
		{3166CF41-0BA9-491A-B20B-8E1E7F288400}.Release|x86.ActiveCfg = Release|Any CPU
		{8B12AE26-2C0A-47B0-A453-59E772BE4B1F}.Debug|Any CPU.ActiveCfg = Debug|Any CPU
		{8B12AE26-2C0A-47B0-A453-59E772BE4B1F}.Debug|Any CPU.Build.0 = Debug|Any CPU
		{8B12AE26-2C0A-47B0-A453-59E772BE4B1F}.Debug|Mixed Platforms.ActiveCfg = Debug|Any CPU
		{8B12AE26-2C0A-47B0-A453-59E772BE4B1F}.Debug|Mixed Platforms.Build.0 = Debug|Any CPU
		{8B12AE26-2C0A-47B0-A453-59E772BE4B1F}.Debug|x64.ActiveCfg = Debug|Any CPU
		{8B12AE26-2C0A-47B0-A453-59E772BE4B1F}.Debug|x86.ActiveCfg = Debug|Any CPU
		{8B12AE26-2C0A-47B0-A453-59E772BE4B1F}.Release|Any CPU.ActiveCfg = Release|Any CPU
		{8B12AE26-2C0A-47B0-A453-59E772BE4B1F}.Release|Any CPU.Build.0 = Release|Any CPU
		{8B12AE26-2C0A-47B0-A453-59E772BE4B1F}.Release|Mixed Platforms.ActiveCfg = Release|Any CPU
		{8B12AE26-2C0A-47B0-A453-59E772BE4B1F}.Release|Mixed Platforms.Build.0 = Release|Any CPU
		{8B12AE26-2C0A-47B0-A453-59E772BE4B1F}.Release|x64.ActiveCfg = Release|Any CPU
		{8B12AE26-2C0A-47B0-A453-59E772BE4B1F}.Release|x86.ActiveCfg = Release|Any CPU
		{06693B5D-C7EC-441C-9668-412FE2788D38}.Debug|Any CPU.ActiveCfg = Debug|Any CPU
		{06693B5D-C7EC-441C-9668-412FE2788D38}.Debug|Any CPU.Build.0 = Debug|Any CPU
		{06693B5D-C7EC-441C-9668-412FE2788D38}.Debug|Mixed Platforms.ActiveCfg = Debug|Any CPU
		{06693B5D-C7EC-441C-9668-412FE2788D38}.Debug|Mixed Platforms.Build.0 = Debug|Any CPU
		{06693B5D-C7EC-441C-9668-412FE2788D38}.Debug|x64.ActiveCfg = Debug|Any CPU
		{06693B5D-C7EC-441C-9668-412FE2788D38}.Debug|x86.ActiveCfg = Debug|Any CPU
		{06693B5D-C7EC-441C-9668-412FE2788D38}.Release|Any CPU.ActiveCfg = Release|Any CPU
		{06693B5D-C7EC-441C-9668-412FE2788D38}.Release|Any CPU.Build.0 = Release|Any CPU
		{06693B5D-C7EC-441C-9668-412FE2788D38}.Release|Mixed Platforms.ActiveCfg = Release|Any CPU
		{06693B5D-C7EC-441C-9668-412FE2788D38}.Release|Mixed Platforms.Build.0 = Release|Any CPU
		{06693B5D-C7EC-441C-9668-412FE2788D38}.Release|x64.ActiveCfg = Release|Any CPU
		{06693B5D-C7EC-441C-9668-412FE2788D38}.Release|x86.ActiveCfg = Release|Any CPU
		{12A96179-7A82-4602-B4FD-9BD3602B5F25}.Debug|Any CPU.ActiveCfg = Debug|Any CPU
		{12A96179-7A82-4602-B4FD-9BD3602B5F25}.Debug|Any CPU.Build.0 = Debug|Any CPU
		{12A96179-7A82-4602-B4FD-9BD3602B5F25}.Debug|Mixed Platforms.ActiveCfg = Debug|Any CPU
		{12A96179-7A82-4602-B4FD-9BD3602B5F25}.Debug|Mixed Platforms.Build.0 = Debug|Any CPU
		{12A96179-7A82-4602-B4FD-9BD3602B5F25}.Debug|x64.ActiveCfg = Debug|Any CPU
		{12A96179-7A82-4602-B4FD-9BD3602B5F25}.Debug|x86.ActiveCfg = Debug|Any CPU
		{12A96179-7A82-4602-B4FD-9BD3602B5F25}.Release|Any CPU.ActiveCfg = Release|Any CPU
		{12A96179-7A82-4602-B4FD-9BD3602B5F25}.Release|Any CPU.Build.0 = Release|Any CPU
		{12A96179-7A82-4602-B4FD-9BD3602B5F25}.Release|Mixed Platforms.ActiveCfg = Release|Any CPU
		{12A96179-7A82-4602-B4FD-9BD3602B5F25}.Release|Mixed Platforms.Build.0 = Release|Any CPU
		{12A96179-7A82-4602-B4FD-9BD3602B5F25}.Release|x64.ActiveCfg = Release|Any CPU
		{12A96179-7A82-4602-B4FD-9BD3602B5F25}.Release|x86.ActiveCfg = Release|Any CPU
		{A5C33B0A-65C1-46B5-A48B-108D8AC2EDBC}.Debug|Any CPU.ActiveCfg = Debug|Any CPU
		{A5C33B0A-65C1-46B5-A48B-108D8AC2EDBC}.Debug|Any CPU.Build.0 = Debug|Any CPU
		{A5C33B0A-65C1-46B5-A48B-108D8AC2EDBC}.Debug|Mixed Platforms.ActiveCfg = Debug|x86
		{A5C33B0A-65C1-46B5-A48B-108D8AC2EDBC}.Debug|Mixed Platforms.Build.0 = Debug|x86
		{A5C33B0A-65C1-46B5-A48B-108D8AC2EDBC}.Debug|x64.ActiveCfg = Debug|Any CPU
		{A5C33B0A-65C1-46B5-A48B-108D8AC2EDBC}.Debug|x86.ActiveCfg = Debug|x86
		{A5C33B0A-65C1-46B5-A48B-108D8AC2EDBC}.Debug|x86.Build.0 = Debug|x86
		{A5C33B0A-65C1-46B5-A48B-108D8AC2EDBC}.Release|Any CPU.ActiveCfg = Release|Any CPU
		{A5C33B0A-65C1-46B5-A48B-108D8AC2EDBC}.Release|Any CPU.Build.0 = Release|Any CPU
		{A5C33B0A-65C1-46B5-A48B-108D8AC2EDBC}.Release|Mixed Platforms.ActiveCfg = Release|x86
		{A5C33B0A-65C1-46B5-A48B-108D8AC2EDBC}.Release|Mixed Platforms.Build.0 = Release|x86
		{A5C33B0A-65C1-46B5-A48B-108D8AC2EDBC}.Release|x64.ActiveCfg = Release|Any CPU
		{A5C33B0A-65C1-46B5-A48B-108D8AC2EDBC}.Release|x86.ActiveCfg = Release|x86
		{A5C33B0A-65C1-46B5-A48B-108D8AC2EDBC}.Release|x86.Build.0 = Release|x86
		{C22FB38E-F3CF-4DDA-A3A9-2C3636E388AC}.Debug|Any CPU.ActiveCfg = Debug|Any CPU
		{C22FB38E-F3CF-4DDA-A3A9-2C3636E388AC}.Debug|Any CPU.Build.0 = Debug|Any CPU
		{C22FB38E-F3CF-4DDA-A3A9-2C3636E388AC}.Debug|Mixed Platforms.ActiveCfg = Debug|Any CPU
		{C22FB38E-F3CF-4DDA-A3A9-2C3636E388AC}.Debug|Mixed Platforms.Build.0 = Debug|Any CPU
		{C22FB38E-F3CF-4DDA-A3A9-2C3636E388AC}.Debug|x64.ActiveCfg = Debug|Any CPU
		{C22FB38E-F3CF-4DDA-A3A9-2C3636E388AC}.Debug|x64.Build.0 = Debug|Any CPU
		{C22FB38E-F3CF-4DDA-A3A9-2C3636E388AC}.Debug|x86.ActiveCfg = Debug|Any CPU
		{C22FB38E-F3CF-4DDA-A3A9-2C3636E388AC}.Debug|x86.Build.0 = Debug|Any CPU
		{C22FB38E-F3CF-4DDA-A3A9-2C3636E388AC}.Release|Any CPU.ActiveCfg = Release|Any CPU
		{C22FB38E-F3CF-4DDA-A3A9-2C3636E388AC}.Release|Any CPU.Build.0 = Release|Any CPU
		{C22FB38E-F3CF-4DDA-A3A9-2C3636E388AC}.Release|Mixed Platforms.ActiveCfg = Release|Any CPU
		{C22FB38E-F3CF-4DDA-A3A9-2C3636E388AC}.Release|Mixed Platforms.Build.0 = Release|Any CPU
		{C22FB38E-F3CF-4DDA-A3A9-2C3636E388AC}.Release|x64.ActiveCfg = Release|Any CPU
		{C22FB38E-F3CF-4DDA-A3A9-2C3636E388AC}.Release|x64.Build.0 = Release|Any CPU
		{C22FB38E-F3CF-4DDA-A3A9-2C3636E388AC}.Release|x86.ActiveCfg = Release|Any CPU
		{C22FB38E-F3CF-4DDA-A3A9-2C3636E388AC}.Release|x86.Build.0 = Release|Any CPU
		{3308EFC3-F631-4A05-B02C-BDACF383CA27}.Debug|Any CPU.ActiveCfg = Debug|Any CPU
		{3308EFC3-F631-4A05-B02C-BDACF383CA27}.Debug|Any CPU.Build.0 = Debug|Any CPU
		{3308EFC3-F631-4A05-B02C-BDACF383CA27}.Debug|Mixed Platforms.ActiveCfg = Debug|Any CPU
		{3308EFC3-F631-4A05-B02C-BDACF383CA27}.Debug|Mixed Platforms.Build.0 = Debug|Any CPU
		{3308EFC3-F631-4A05-B02C-BDACF383CA27}.Debug|x64.ActiveCfg = Debug|Any CPU
		{3308EFC3-F631-4A05-B02C-BDACF383CA27}.Debug|x64.Build.0 = Debug|Any CPU
		{3308EFC3-F631-4A05-B02C-BDACF383CA27}.Debug|x86.ActiveCfg = Debug|Any CPU
		{3308EFC3-F631-4A05-B02C-BDACF383CA27}.Debug|x86.Build.0 = Debug|Any CPU
		{3308EFC3-F631-4A05-B02C-BDACF383CA27}.Release|Any CPU.ActiveCfg = Release|Any CPU
		{3308EFC3-F631-4A05-B02C-BDACF383CA27}.Release|Any CPU.Build.0 = Release|Any CPU
		{3308EFC3-F631-4A05-B02C-BDACF383CA27}.Release|Mixed Platforms.ActiveCfg = Release|Any CPU
		{3308EFC3-F631-4A05-B02C-BDACF383CA27}.Release|Mixed Platforms.Build.0 = Release|Any CPU
		{3308EFC3-F631-4A05-B02C-BDACF383CA27}.Release|x64.ActiveCfg = Release|Any CPU
		{3308EFC3-F631-4A05-B02C-BDACF383CA27}.Release|x64.Build.0 = Release|Any CPU
		{3308EFC3-F631-4A05-B02C-BDACF383CA27}.Release|x86.ActiveCfg = Release|Any CPU
		{3308EFC3-F631-4A05-B02C-BDACF383CA27}.Release|x86.Build.0 = Release|Any CPU
		{15957C16-D16D-4F96-982C-DA2DB3018AE7}.Debug|Any CPU.ActiveCfg = Debug|Any CPU
		{15957C16-D16D-4F96-982C-DA2DB3018AE7}.Debug|Any CPU.Build.0 = Debug|Any CPU
		{15957C16-D16D-4F96-982C-DA2DB3018AE7}.Debug|Mixed Platforms.ActiveCfg = Debug|Any CPU
		{15957C16-D16D-4F96-982C-DA2DB3018AE7}.Debug|Mixed Platforms.Build.0 = Debug|Any CPU
		{15957C16-D16D-4F96-982C-DA2DB3018AE7}.Debug|x64.ActiveCfg = Debug|Any CPU
		{15957C16-D16D-4F96-982C-DA2DB3018AE7}.Debug|x64.Build.0 = Debug|Any CPU
		{15957C16-D16D-4F96-982C-DA2DB3018AE7}.Debug|x86.ActiveCfg = Debug|Any CPU
		{15957C16-D16D-4F96-982C-DA2DB3018AE7}.Debug|x86.Build.0 = Debug|Any CPU
		{15957C16-D16D-4F96-982C-DA2DB3018AE7}.Release|Any CPU.ActiveCfg = Release|Any CPU
		{15957C16-D16D-4F96-982C-DA2DB3018AE7}.Release|Any CPU.Build.0 = Release|Any CPU
		{15957C16-D16D-4F96-982C-DA2DB3018AE7}.Release|Mixed Platforms.ActiveCfg = Release|Any CPU
		{15957C16-D16D-4F96-982C-DA2DB3018AE7}.Release|Mixed Platforms.Build.0 = Release|Any CPU
		{15957C16-D16D-4F96-982C-DA2DB3018AE7}.Release|x64.ActiveCfg = Release|Any CPU
		{15957C16-D16D-4F96-982C-DA2DB3018AE7}.Release|x64.Build.0 = Release|Any CPU
		{15957C16-D16D-4F96-982C-DA2DB3018AE7}.Release|x86.ActiveCfg = Release|Any CPU
		{15957C16-D16D-4F96-982C-DA2DB3018AE7}.Release|x86.Build.0 = Release|Any CPU
		{2D5B259E-F08F-4470-9087-D21D5F3670B6}.Debug|Any CPU.ActiveCfg = Debug|Any CPU
		{2D5B259E-F08F-4470-9087-D21D5F3670B6}.Debug|Any CPU.Build.0 = Debug|Any CPU
		{2D5B259E-F08F-4470-9087-D21D5F3670B6}.Debug|Mixed Platforms.ActiveCfg = Debug|Any CPU
		{2D5B259E-F08F-4470-9087-D21D5F3670B6}.Debug|Mixed Platforms.Build.0 = Debug|Any CPU
		{2D5B259E-F08F-4470-9087-D21D5F3670B6}.Debug|x64.ActiveCfg = Debug|Any CPU
		{2D5B259E-F08F-4470-9087-D21D5F3670B6}.Debug|x64.Build.0 = Debug|Any CPU
		{2D5B259E-F08F-4470-9087-D21D5F3670B6}.Debug|x86.ActiveCfg = Debug|Any CPU
		{2D5B259E-F08F-4470-9087-D21D5F3670B6}.Debug|x86.Build.0 = Debug|Any CPU
		{2D5B259E-F08F-4470-9087-D21D5F3670B6}.Release|Any CPU.ActiveCfg = Release|Any CPU
		{2D5B259E-F08F-4470-9087-D21D5F3670B6}.Release|Any CPU.Build.0 = Release|Any CPU
		{2D5B259E-F08F-4470-9087-D21D5F3670B6}.Release|Mixed Platforms.ActiveCfg = Release|Any CPU
		{2D5B259E-F08F-4470-9087-D21D5F3670B6}.Release|Mixed Platforms.Build.0 = Release|Any CPU
		{2D5B259E-F08F-4470-9087-D21D5F3670B6}.Release|x64.ActiveCfg = Release|Any CPU
		{2D5B259E-F08F-4470-9087-D21D5F3670B6}.Release|x64.Build.0 = Release|Any CPU
		{2D5B259E-F08F-4470-9087-D21D5F3670B6}.Release|x86.ActiveCfg = Release|Any CPU
		{2D5B259E-F08F-4470-9087-D21D5F3670B6}.Release|x86.Build.0 = Release|Any CPU
		{A4C115D6-11FD-4C1C-9682-93D118A34090}.Debug|Any CPU.ActiveCfg = Debug|Any CPU
		{A4C115D6-11FD-4C1C-9682-93D118A34090}.Debug|Any CPU.Build.0 = Debug|Any CPU
		{A4C115D6-11FD-4C1C-9682-93D118A34090}.Debug|Mixed Platforms.ActiveCfg = Debug|Any CPU
		{A4C115D6-11FD-4C1C-9682-93D118A34090}.Debug|Mixed Platforms.Build.0 = Debug|Any CPU
		{A4C115D6-11FD-4C1C-9682-93D118A34090}.Debug|x64.ActiveCfg = Debug|Any CPU
		{A4C115D6-11FD-4C1C-9682-93D118A34090}.Debug|x64.Build.0 = Debug|Any CPU
		{A4C115D6-11FD-4C1C-9682-93D118A34090}.Debug|x86.ActiveCfg = Debug|Any CPU
		{A4C115D6-11FD-4C1C-9682-93D118A34090}.Debug|x86.Build.0 = Debug|Any CPU
		{A4C115D6-11FD-4C1C-9682-93D118A34090}.Release|Any CPU.ActiveCfg = Release|Any CPU
		{A4C115D6-11FD-4C1C-9682-93D118A34090}.Release|Any CPU.Build.0 = Release|Any CPU
		{A4C115D6-11FD-4C1C-9682-93D118A34090}.Release|Mixed Platforms.ActiveCfg = Release|Any CPU
		{A4C115D6-11FD-4C1C-9682-93D118A34090}.Release|Mixed Platforms.Build.0 = Release|Any CPU
		{A4C115D6-11FD-4C1C-9682-93D118A34090}.Release|x64.ActiveCfg = Release|Any CPU
		{A4C115D6-11FD-4C1C-9682-93D118A34090}.Release|x64.Build.0 = Release|Any CPU
		{A4C115D6-11FD-4C1C-9682-93D118A34090}.Release|x86.ActiveCfg = Release|Any CPU
		{A4C115D6-11FD-4C1C-9682-93D118A34090}.Release|x86.Build.0 = Release|Any CPU
		{F16ACEAB-3D41-411C-BF3B-B25953BA5C89}.Debug|Any CPU.ActiveCfg = Debug|Any CPU
		{F16ACEAB-3D41-411C-BF3B-B25953BA5C89}.Debug|Any CPU.Build.0 = Debug|Any CPU
		{F16ACEAB-3D41-411C-BF3B-B25953BA5C89}.Debug|Mixed Platforms.ActiveCfg = Debug|Any CPU
		{F16ACEAB-3D41-411C-BF3B-B25953BA5C89}.Debug|Mixed Platforms.Build.0 = Debug|Any CPU
		{F16ACEAB-3D41-411C-BF3B-B25953BA5C89}.Debug|x64.ActiveCfg = Debug|Any CPU
		{F16ACEAB-3D41-411C-BF3B-B25953BA5C89}.Debug|x64.Build.0 = Debug|Any CPU
		{F16ACEAB-3D41-411C-BF3B-B25953BA5C89}.Debug|x86.ActiveCfg = Debug|Any CPU
		{F16ACEAB-3D41-411C-BF3B-B25953BA5C89}.Debug|x86.Build.0 = Debug|Any CPU
		{F16ACEAB-3D41-411C-BF3B-B25953BA5C89}.Release|Any CPU.ActiveCfg = Release|Any CPU
		{F16ACEAB-3D41-411C-BF3B-B25953BA5C89}.Release|Any CPU.Build.0 = Release|Any CPU
		{F16ACEAB-3D41-411C-BF3B-B25953BA5C89}.Release|Mixed Platforms.ActiveCfg = Release|Any CPU
		{F16ACEAB-3D41-411C-BF3B-B25953BA5C89}.Release|Mixed Platforms.Build.0 = Release|Any CPU
		{F16ACEAB-3D41-411C-BF3B-B25953BA5C89}.Release|x64.ActiveCfg = Release|Any CPU
		{F16ACEAB-3D41-411C-BF3B-B25953BA5C89}.Release|x64.Build.0 = Release|Any CPU
		{F16ACEAB-3D41-411C-BF3B-B25953BA5C89}.Release|x86.ActiveCfg = Release|Any CPU
		{F16ACEAB-3D41-411C-BF3B-B25953BA5C89}.Release|x86.Build.0 = Release|Any CPU
		{8BC5E3B5-9D5C-4373-A8D9-019C2D9F8D78}.Debug|Any CPU.ActiveCfg = Debug|Any CPU
		{8BC5E3B5-9D5C-4373-A8D9-019C2D9F8D78}.Debug|Any CPU.Build.0 = Debug|Any CPU
		{8BC5E3B5-9D5C-4373-A8D9-019C2D9F8D78}.Debug|Mixed Platforms.ActiveCfg = Debug|Any CPU
		{8BC5E3B5-9D5C-4373-A8D9-019C2D9F8D78}.Debug|Mixed Platforms.Build.0 = Debug|Any CPU
		{8BC5E3B5-9D5C-4373-A8D9-019C2D9F8D78}.Debug|x64.ActiveCfg = Debug|Any CPU
		{8BC5E3B5-9D5C-4373-A8D9-019C2D9F8D78}.Debug|x64.Build.0 = Debug|Any CPU
		{8BC5E3B5-9D5C-4373-A8D9-019C2D9F8D78}.Debug|x86.ActiveCfg = Debug|Any CPU
		{8BC5E3B5-9D5C-4373-A8D9-019C2D9F8D78}.Debug|x86.Build.0 = Debug|Any CPU
		{8BC5E3B5-9D5C-4373-A8D9-019C2D9F8D78}.Release|Any CPU.ActiveCfg = Release|Any CPU
		{8BC5E3B5-9D5C-4373-A8D9-019C2D9F8D78}.Release|Any CPU.Build.0 = Release|Any CPU
		{8BC5E3B5-9D5C-4373-A8D9-019C2D9F8D78}.Release|Mixed Platforms.ActiveCfg = Release|Any CPU
		{8BC5E3B5-9D5C-4373-A8D9-019C2D9F8D78}.Release|Mixed Platforms.Build.0 = Release|Any CPU
		{8BC5E3B5-9D5C-4373-A8D9-019C2D9F8D78}.Release|x64.ActiveCfg = Release|Any CPU
		{8BC5E3B5-9D5C-4373-A8D9-019C2D9F8D78}.Release|x64.Build.0 = Release|Any CPU
		{8BC5E3B5-9D5C-4373-A8D9-019C2D9F8D78}.Release|x86.ActiveCfg = Release|Any CPU
		{8BC5E3B5-9D5C-4373-A8D9-019C2D9F8D78}.Release|x86.Build.0 = Release|Any CPU
		{A9309DBB-BEEE-48C1-9EA4-3504647248E0}.Debug|Any CPU.ActiveCfg = Debug|Any CPU
		{A9309DBB-BEEE-48C1-9EA4-3504647248E0}.Debug|Any CPU.Build.0 = Debug|Any CPU
		{A9309DBB-BEEE-48C1-9EA4-3504647248E0}.Debug|Mixed Platforms.ActiveCfg = Debug|Any CPU
		{A9309DBB-BEEE-48C1-9EA4-3504647248E0}.Debug|Mixed Platforms.Build.0 = Debug|Any CPU
		{A9309DBB-BEEE-48C1-9EA4-3504647248E0}.Debug|x64.ActiveCfg = Debug|Any CPU
		{A9309DBB-BEEE-48C1-9EA4-3504647248E0}.Debug|x64.Build.0 = Debug|Any CPU
		{A9309DBB-BEEE-48C1-9EA4-3504647248E0}.Debug|x86.ActiveCfg = Debug|Any CPU
		{A9309DBB-BEEE-48C1-9EA4-3504647248E0}.Debug|x86.Build.0 = Debug|Any CPU
		{A9309DBB-BEEE-48C1-9EA4-3504647248E0}.Release|Any CPU.ActiveCfg = Release|Any CPU
		{A9309DBB-BEEE-48C1-9EA4-3504647248E0}.Release|Any CPU.Build.0 = Release|Any CPU
		{A9309DBB-BEEE-48C1-9EA4-3504647248E0}.Release|Mixed Platforms.ActiveCfg = Release|Any CPU
		{A9309DBB-BEEE-48C1-9EA4-3504647248E0}.Release|Mixed Platforms.Build.0 = Release|Any CPU
		{A9309DBB-BEEE-48C1-9EA4-3504647248E0}.Release|x64.ActiveCfg = Release|Any CPU
		{A9309DBB-BEEE-48C1-9EA4-3504647248E0}.Release|x64.Build.0 = Release|Any CPU
		{A9309DBB-BEEE-48C1-9EA4-3504647248E0}.Release|x86.ActiveCfg = Release|Any CPU
		{A9309DBB-BEEE-48C1-9EA4-3504647248E0}.Release|x86.Build.0 = Release|Any CPU
		{BD99B215-1868-429A-83A7-124A0DED8F7B}.Debug|Any CPU.ActiveCfg = Debug|Any CPU
		{BD99B215-1868-429A-83A7-124A0DED8F7B}.Debug|Any CPU.Build.0 = Debug|Any CPU
		{BD99B215-1868-429A-83A7-124A0DED8F7B}.Debug|Mixed Platforms.ActiveCfg = Debug|Any CPU
		{BD99B215-1868-429A-83A7-124A0DED8F7B}.Debug|Mixed Platforms.Build.0 = Debug|Any CPU
		{BD99B215-1868-429A-83A7-124A0DED8F7B}.Debug|x64.ActiveCfg = Debug|Any CPU
		{BD99B215-1868-429A-83A7-124A0DED8F7B}.Debug|x64.Build.0 = Debug|Any CPU
		{BD99B215-1868-429A-83A7-124A0DED8F7B}.Debug|x86.ActiveCfg = Debug|Any CPU
		{BD99B215-1868-429A-83A7-124A0DED8F7B}.Debug|x86.Build.0 = Debug|Any CPU
		{BD99B215-1868-429A-83A7-124A0DED8F7B}.Release|Any CPU.ActiveCfg = Release|Any CPU
		{BD99B215-1868-429A-83A7-124A0DED8F7B}.Release|Any CPU.Build.0 = Release|Any CPU
		{BD99B215-1868-429A-83A7-124A0DED8F7B}.Release|Mixed Platforms.ActiveCfg = Release|Any CPU
		{BD99B215-1868-429A-83A7-124A0DED8F7B}.Release|Mixed Platforms.Build.0 = Release|Any CPU
		{BD99B215-1868-429A-83A7-124A0DED8F7B}.Release|x64.ActiveCfg = Release|Any CPU
		{BD99B215-1868-429A-83A7-124A0DED8F7B}.Release|x64.Build.0 = Release|Any CPU
		{BD99B215-1868-429A-83A7-124A0DED8F7B}.Release|x86.ActiveCfg = Release|Any CPU
		{BD99B215-1868-429A-83A7-124A0DED8F7B}.Release|x86.Build.0 = Release|Any CPU
		{CBDD3FA2-8EA1-4194-8105-BB0B3B33AD4A}.Debug|Any CPU.ActiveCfg = Debug|Any CPU
		{CBDD3FA2-8EA1-4194-8105-BB0B3B33AD4A}.Debug|Any CPU.Build.0 = Debug|Any CPU
		{CBDD3FA2-8EA1-4194-8105-BB0B3B33AD4A}.Debug|Mixed Platforms.ActiveCfg = Debug|Any CPU
		{CBDD3FA2-8EA1-4194-8105-BB0B3B33AD4A}.Debug|Mixed Platforms.Build.0 = Debug|Any CPU
		{CBDD3FA2-8EA1-4194-8105-BB0B3B33AD4A}.Debug|x64.ActiveCfg = Debug|Any CPU
		{CBDD3FA2-8EA1-4194-8105-BB0B3B33AD4A}.Debug|x64.Build.0 = Debug|Any CPU
		{CBDD3FA2-8EA1-4194-8105-BB0B3B33AD4A}.Debug|x86.ActiveCfg = Debug|Any CPU
		{CBDD3FA2-8EA1-4194-8105-BB0B3B33AD4A}.Debug|x86.Build.0 = Debug|Any CPU
		{CBDD3FA2-8EA1-4194-8105-BB0B3B33AD4A}.Release|Any CPU.ActiveCfg = Release|Any CPU
		{CBDD3FA2-8EA1-4194-8105-BB0B3B33AD4A}.Release|Any CPU.Build.0 = Release|Any CPU
		{CBDD3FA2-8EA1-4194-8105-BB0B3B33AD4A}.Release|Mixed Platforms.ActiveCfg = Release|Any CPU
		{CBDD3FA2-8EA1-4194-8105-BB0B3B33AD4A}.Release|Mixed Platforms.Build.0 = Release|Any CPU
		{CBDD3FA2-8EA1-4194-8105-BB0B3B33AD4A}.Release|x64.ActiveCfg = Release|Any CPU
		{CBDD3FA2-8EA1-4194-8105-BB0B3B33AD4A}.Release|x64.Build.0 = Release|Any CPU
		{CBDD3FA2-8EA1-4194-8105-BB0B3B33AD4A}.Release|x86.ActiveCfg = Release|Any CPU
		{CBDD3FA2-8EA1-4194-8105-BB0B3B33AD4A}.Release|x86.Build.0 = Release|Any CPU
		{7DC2A9BC-9A5A-4F84-8009-FF0D9353061E}.Debug|Any CPU.ActiveCfg = Debug|Any CPU
		{7DC2A9BC-9A5A-4F84-8009-FF0D9353061E}.Debug|Any CPU.Build.0 = Debug|Any CPU
		{7DC2A9BC-9A5A-4F84-8009-FF0D9353061E}.Debug|Mixed Platforms.ActiveCfg = Debug|Any CPU
		{7DC2A9BC-9A5A-4F84-8009-FF0D9353061E}.Debug|Mixed Platforms.Build.0 = Debug|Any CPU
		{7DC2A9BC-9A5A-4F84-8009-FF0D9353061E}.Debug|x64.ActiveCfg = Debug|Any CPU
		{7DC2A9BC-9A5A-4F84-8009-FF0D9353061E}.Debug|x64.Build.0 = Debug|Any CPU
		{7DC2A9BC-9A5A-4F84-8009-FF0D9353061E}.Debug|x86.ActiveCfg = Debug|Any CPU
		{7DC2A9BC-9A5A-4F84-8009-FF0D9353061E}.Debug|x86.Build.0 = Debug|Any CPU
		{7DC2A9BC-9A5A-4F84-8009-FF0D9353061E}.Release|Any CPU.ActiveCfg = Release|Any CPU
		{7DC2A9BC-9A5A-4F84-8009-FF0D9353061E}.Release|Any CPU.Build.0 = Release|Any CPU
		{7DC2A9BC-9A5A-4F84-8009-FF0D9353061E}.Release|Mixed Platforms.ActiveCfg = Release|Any CPU
		{7DC2A9BC-9A5A-4F84-8009-FF0D9353061E}.Release|Mixed Platforms.Build.0 = Release|Any CPU
		{7DC2A9BC-9A5A-4F84-8009-FF0D9353061E}.Release|x64.ActiveCfg = Release|Any CPU
		{7DC2A9BC-9A5A-4F84-8009-FF0D9353061E}.Release|x64.Build.0 = Release|Any CPU
		{7DC2A9BC-9A5A-4F84-8009-FF0D9353061E}.Release|x86.ActiveCfg = Release|Any CPU
		{7DC2A9BC-9A5A-4F84-8009-FF0D9353061E}.Release|x86.Build.0 = Release|Any CPU
		{3F5F7FD9-78AC-488D-A688-0138A713E786}.Debug|Any CPU.ActiveCfg = Debug|Any CPU
		{3F5F7FD9-78AC-488D-A688-0138A713E786}.Debug|Any CPU.Build.0 = Debug|Any CPU
		{3F5F7FD9-78AC-488D-A688-0138A713E786}.Debug|Mixed Platforms.ActiveCfg = Debug|Any CPU
		{3F5F7FD9-78AC-488D-A688-0138A713E786}.Debug|Mixed Platforms.Build.0 = Debug|Any CPU
		{3F5F7FD9-78AC-488D-A688-0138A713E786}.Debug|x64.ActiveCfg = Debug|Any CPU
		{3F5F7FD9-78AC-488D-A688-0138A713E786}.Debug|x64.Build.0 = Debug|Any CPU
		{3F5F7FD9-78AC-488D-A688-0138A713E786}.Debug|x86.ActiveCfg = Debug|Any CPU
		{3F5F7FD9-78AC-488D-A688-0138A713E786}.Debug|x86.Build.0 = Debug|Any CPU
		{3F5F7FD9-78AC-488D-A688-0138A713E786}.Release|Any CPU.ActiveCfg = Release|Any CPU
		{3F5F7FD9-78AC-488D-A688-0138A713E786}.Release|Any CPU.Build.0 = Release|Any CPU
		{3F5F7FD9-78AC-488D-A688-0138A713E786}.Release|Mixed Platforms.ActiveCfg = Release|Any CPU
		{3F5F7FD9-78AC-488D-A688-0138A713E786}.Release|Mixed Platforms.Build.0 = Release|Any CPU
		{3F5F7FD9-78AC-488D-A688-0138A713E786}.Release|x64.ActiveCfg = Release|Any CPU
		{3F5F7FD9-78AC-488D-A688-0138A713E786}.Release|x64.Build.0 = Release|Any CPU
		{3F5F7FD9-78AC-488D-A688-0138A713E786}.Release|x86.ActiveCfg = Release|Any CPU
		{3F5F7FD9-78AC-488D-A688-0138A713E786}.Release|x86.Build.0 = Release|Any CPU
		{365BBBDB-3221-48CD-826A-456AC0313DEC}.Debug|Any CPU.ActiveCfg = Debug|Any CPU
		{365BBBDB-3221-48CD-826A-456AC0313DEC}.Debug|Any CPU.Build.0 = Debug|Any CPU
		{365BBBDB-3221-48CD-826A-456AC0313DEC}.Debug|Mixed Platforms.ActiveCfg = Debug|Any CPU
		{365BBBDB-3221-48CD-826A-456AC0313DEC}.Debug|Mixed Platforms.Build.0 = Debug|Any CPU
		{365BBBDB-3221-48CD-826A-456AC0313DEC}.Debug|x64.ActiveCfg = Debug|Any CPU
		{365BBBDB-3221-48CD-826A-456AC0313DEC}.Debug|x64.Build.0 = Debug|Any CPU
		{365BBBDB-3221-48CD-826A-456AC0313DEC}.Debug|x86.ActiveCfg = Debug|Any CPU
		{365BBBDB-3221-48CD-826A-456AC0313DEC}.Debug|x86.Build.0 = Debug|Any CPU
		{365BBBDB-3221-48CD-826A-456AC0313DEC}.Release|Any CPU.ActiveCfg = Release|Any CPU
		{365BBBDB-3221-48CD-826A-456AC0313DEC}.Release|Any CPU.Build.0 = Release|Any CPU
		{365BBBDB-3221-48CD-826A-456AC0313DEC}.Release|Mixed Platforms.ActiveCfg = Release|Any CPU
		{365BBBDB-3221-48CD-826A-456AC0313DEC}.Release|Mixed Platforms.Build.0 = Release|Any CPU
		{365BBBDB-3221-48CD-826A-456AC0313DEC}.Release|x64.ActiveCfg = Release|Any CPU
		{365BBBDB-3221-48CD-826A-456AC0313DEC}.Release|x64.Build.0 = Release|Any CPU
		{365BBBDB-3221-48CD-826A-456AC0313DEC}.Release|x86.ActiveCfg = Release|Any CPU
		{365BBBDB-3221-48CD-826A-456AC0313DEC}.Release|x86.Build.0 = Release|Any CPU
		{541BBB0F-E9D2-4FC7-A0FF-E9367B5722CD}.Debug|Any CPU.ActiveCfg = Debug|Any CPU
		{541BBB0F-E9D2-4FC7-A0FF-E9367B5722CD}.Debug|Any CPU.Build.0 = Debug|Any CPU
		{541BBB0F-E9D2-4FC7-A0FF-E9367B5722CD}.Debug|Mixed Platforms.ActiveCfg = Debug|Any CPU
		{541BBB0F-E9D2-4FC7-A0FF-E9367B5722CD}.Debug|Mixed Platforms.Build.0 = Debug|Any CPU
		{541BBB0F-E9D2-4FC7-A0FF-E9367B5722CD}.Debug|x64.ActiveCfg = Debug|Any CPU
		{541BBB0F-E9D2-4FC7-A0FF-E9367B5722CD}.Debug|x64.Build.0 = Debug|Any CPU
		{541BBB0F-E9D2-4FC7-A0FF-E9367B5722CD}.Debug|x86.ActiveCfg = Debug|Any CPU
		{541BBB0F-E9D2-4FC7-A0FF-E9367B5722CD}.Debug|x86.Build.0 = Debug|Any CPU
		{541BBB0F-E9D2-4FC7-A0FF-E9367B5722CD}.Release|Any CPU.ActiveCfg = Release|Any CPU
		{541BBB0F-E9D2-4FC7-A0FF-E9367B5722CD}.Release|Any CPU.Build.0 = Release|Any CPU
		{541BBB0F-E9D2-4FC7-A0FF-E9367B5722CD}.Release|Mixed Platforms.ActiveCfg = Release|Any CPU
		{541BBB0F-E9D2-4FC7-A0FF-E9367B5722CD}.Release|Mixed Platforms.Build.0 = Release|Any CPU
		{541BBB0F-E9D2-4FC7-A0FF-E9367B5722CD}.Release|x64.ActiveCfg = Release|Any CPU
		{541BBB0F-E9D2-4FC7-A0FF-E9367B5722CD}.Release|x64.Build.0 = Release|Any CPU
		{541BBB0F-E9D2-4FC7-A0FF-E9367B5722CD}.Release|x86.ActiveCfg = Release|Any CPU
		{541BBB0F-E9D2-4FC7-A0FF-E9367B5722CD}.Release|x86.Build.0 = Release|Any CPU
		{976CF16B-56F2-481D-BDA8-5624DFCE2324}.Debug|Any CPU.ActiveCfg = Debug|Any CPU
		{976CF16B-56F2-481D-BDA8-5624DFCE2324}.Debug|Any CPU.Build.0 = Debug|Any CPU
		{976CF16B-56F2-481D-BDA8-5624DFCE2324}.Debug|Mixed Platforms.ActiveCfg = Debug|Any CPU
		{976CF16B-56F2-481D-BDA8-5624DFCE2324}.Debug|Mixed Platforms.Build.0 = Debug|Any CPU
		{976CF16B-56F2-481D-BDA8-5624DFCE2324}.Debug|x64.ActiveCfg = Debug|Any CPU
		{976CF16B-56F2-481D-BDA8-5624DFCE2324}.Debug|x64.Build.0 = Debug|Any CPU
		{976CF16B-56F2-481D-BDA8-5624DFCE2324}.Debug|x86.ActiveCfg = Debug|Any CPU
		{976CF16B-56F2-481D-BDA8-5624DFCE2324}.Debug|x86.Build.0 = Debug|Any CPU
		{976CF16B-56F2-481D-BDA8-5624DFCE2324}.Release|Any CPU.ActiveCfg = Release|Any CPU
		{976CF16B-56F2-481D-BDA8-5624DFCE2324}.Release|Any CPU.Build.0 = Release|Any CPU
		{976CF16B-56F2-481D-BDA8-5624DFCE2324}.Release|Mixed Platforms.ActiveCfg = Release|Any CPU
		{976CF16B-56F2-481D-BDA8-5624DFCE2324}.Release|Mixed Platforms.Build.0 = Release|Any CPU
		{976CF16B-56F2-481D-BDA8-5624DFCE2324}.Release|x64.ActiveCfg = Release|Any CPU
		{976CF16B-56F2-481D-BDA8-5624DFCE2324}.Release|x64.Build.0 = Release|Any CPU
		{976CF16B-56F2-481D-BDA8-5624DFCE2324}.Release|x86.ActiveCfg = Release|Any CPU
		{976CF16B-56F2-481D-BDA8-5624DFCE2324}.Release|x86.Build.0 = Release|Any CPU
		{2006049D-7803-414B-91B0-7D33F1F68C45}.Debug|Any CPU.ActiveCfg = Debug|Any CPU
		{2006049D-7803-414B-91B0-7D33F1F68C45}.Debug|Any CPU.Build.0 = Debug|Any CPU
		{2006049D-7803-414B-91B0-7D33F1F68C45}.Debug|Mixed Platforms.ActiveCfg = Debug|Any CPU
		{2006049D-7803-414B-91B0-7D33F1F68C45}.Debug|Mixed Platforms.Build.0 = Debug|Any CPU
		{2006049D-7803-414B-91B0-7D33F1F68C45}.Debug|x64.ActiveCfg = Debug|Any CPU
		{2006049D-7803-414B-91B0-7D33F1F68C45}.Debug|x64.Build.0 = Debug|Any CPU
		{2006049D-7803-414B-91B0-7D33F1F68C45}.Debug|x86.ActiveCfg = Debug|Any CPU
		{2006049D-7803-414B-91B0-7D33F1F68C45}.Debug|x86.Build.0 = Debug|Any CPU
		{2006049D-7803-414B-91B0-7D33F1F68C45}.Release|Any CPU.ActiveCfg = Release|Any CPU
		{2006049D-7803-414B-91B0-7D33F1F68C45}.Release|Any CPU.Build.0 = Release|Any CPU
		{2006049D-7803-414B-91B0-7D33F1F68C45}.Release|Mixed Platforms.ActiveCfg = Release|Any CPU
		{2006049D-7803-414B-91B0-7D33F1F68C45}.Release|Mixed Platforms.Build.0 = Release|Any CPU
		{2006049D-7803-414B-91B0-7D33F1F68C45}.Release|x64.ActiveCfg = Release|Any CPU
		{2006049D-7803-414B-91B0-7D33F1F68C45}.Release|x64.Build.0 = Release|Any CPU
		{2006049D-7803-414B-91B0-7D33F1F68C45}.Release|x86.ActiveCfg = Release|Any CPU
		{2006049D-7803-414B-91B0-7D33F1F68C45}.Release|x86.Build.0 = Release|Any CPU
		{AB312658-19E1-492D-A99E-2F5B2439EED0}.Debug|Any CPU.ActiveCfg = Debug|Any CPU
		{AB312658-19E1-492D-A99E-2F5B2439EED0}.Debug|Any CPU.Build.0 = Debug|Any CPU
		{AB312658-19E1-492D-A99E-2F5B2439EED0}.Debug|Mixed Platforms.ActiveCfg = Debug|Any CPU
		{AB312658-19E1-492D-A99E-2F5B2439EED0}.Debug|Mixed Platforms.Build.0 = Debug|Any CPU
		{AB312658-19E1-492D-A99E-2F5B2439EED0}.Debug|x64.ActiveCfg = Debug|Any CPU
		{AB312658-19E1-492D-A99E-2F5B2439EED0}.Debug|x64.Build.0 = Debug|Any CPU
		{AB312658-19E1-492D-A99E-2F5B2439EED0}.Debug|x86.ActiveCfg = Debug|Any CPU
		{AB312658-19E1-492D-A99E-2F5B2439EED0}.Debug|x86.Build.0 = Debug|Any CPU
		{AB312658-19E1-492D-A99E-2F5B2439EED0}.Release|Any CPU.ActiveCfg = Release|Any CPU
		{AB312658-19E1-492D-A99E-2F5B2439EED0}.Release|Any CPU.Build.0 = Release|Any CPU
		{AB312658-19E1-492D-A99E-2F5B2439EED0}.Release|Mixed Platforms.ActiveCfg = Release|Any CPU
		{AB312658-19E1-492D-A99E-2F5B2439EED0}.Release|Mixed Platforms.Build.0 = Release|Any CPU
		{AB312658-19E1-492D-A99E-2F5B2439EED0}.Release|x64.ActiveCfg = Release|Any CPU
		{AB312658-19E1-492D-A99E-2F5B2439EED0}.Release|x64.Build.0 = Release|Any CPU
		{AB312658-19E1-492D-A99E-2F5B2439EED0}.Release|x86.ActiveCfg = Release|Any CPU
		{AB312658-19E1-492D-A99E-2F5B2439EED0}.Release|x86.Build.0 = Release|Any CPU
		{001F6259-1441-493C-8C72-FA770D283DA9}.Debug|Any CPU.ActiveCfg = Debug|Any CPU
		{001F6259-1441-493C-8C72-FA770D283DA9}.Debug|Any CPU.Build.0 = Debug|Any CPU
		{001F6259-1441-493C-8C72-FA770D283DA9}.Debug|Mixed Platforms.ActiveCfg = Debug|Any CPU
		{001F6259-1441-493C-8C72-FA770D283DA9}.Debug|Mixed Platforms.Build.0 = Debug|Any CPU
		{001F6259-1441-493C-8C72-FA770D283DA9}.Debug|x64.ActiveCfg = Debug|Any CPU
		{001F6259-1441-493C-8C72-FA770D283DA9}.Debug|x64.Build.0 = Debug|Any CPU
		{001F6259-1441-493C-8C72-FA770D283DA9}.Debug|x86.ActiveCfg = Debug|Any CPU
		{001F6259-1441-493C-8C72-FA770D283DA9}.Debug|x86.Build.0 = Debug|Any CPU
		{001F6259-1441-493C-8C72-FA770D283DA9}.Release|Any CPU.ActiveCfg = Release|Any CPU
		{001F6259-1441-493C-8C72-FA770D283DA9}.Release|Any CPU.Build.0 = Release|Any CPU
		{001F6259-1441-493C-8C72-FA770D283DA9}.Release|Mixed Platforms.ActiveCfg = Release|Any CPU
		{001F6259-1441-493C-8C72-FA770D283DA9}.Release|Mixed Platforms.Build.0 = Release|Any CPU
		{001F6259-1441-493C-8C72-FA770D283DA9}.Release|x64.ActiveCfg = Release|Any CPU
		{001F6259-1441-493C-8C72-FA770D283DA9}.Release|x64.Build.0 = Release|Any CPU
		{001F6259-1441-493C-8C72-FA770D283DA9}.Release|x86.ActiveCfg = Release|Any CPU
		{001F6259-1441-493C-8C72-FA770D283DA9}.Release|x86.Build.0 = Release|Any CPU
		{8A9DBABD-0E5A-4D69-ADDC-184DFF89D27A}.Debug|Any CPU.ActiveCfg = Debug|Any CPU
		{8A9DBABD-0E5A-4D69-ADDC-184DFF89D27A}.Debug|Any CPU.Build.0 = Debug|Any CPU
		{8A9DBABD-0E5A-4D69-ADDC-184DFF89D27A}.Debug|Mixed Platforms.ActiveCfg = Debug|Any CPU
		{8A9DBABD-0E5A-4D69-ADDC-184DFF89D27A}.Debug|Mixed Platforms.Build.0 = Debug|Any CPU
		{8A9DBABD-0E5A-4D69-ADDC-184DFF89D27A}.Debug|x64.ActiveCfg = Debug|Any CPU
		{8A9DBABD-0E5A-4D69-ADDC-184DFF89D27A}.Debug|x64.Build.0 = Debug|Any CPU
		{8A9DBABD-0E5A-4D69-ADDC-184DFF89D27A}.Debug|x86.ActiveCfg = Debug|Any CPU
		{8A9DBABD-0E5A-4D69-ADDC-184DFF89D27A}.Debug|x86.Build.0 = Debug|Any CPU
		{8A9DBABD-0E5A-4D69-ADDC-184DFF89D27A}.Release|Any CPU.ActiveCfg = Release|Any CPU
		{8A9DBABD-0E5A-4D69-ADDC-184DFF89D27A}.Release|Any CPU.Build.0 = Release|Any CPU
		{8A9DBABD-0E5A-4D69-ADDC-184DFF89D27A}.Release|Mixed Platforms.ActiveCfg = Release|Any CPU
		{8A9DBABD-0E5A-4D69-ADDC-184DFF89D27A}.Release|Mixed Platforms.Build.0 = Release|Any CPU
		{8A9DBABD-0E5A-4D69-ADDC-184DFF89D27A}.Release|x64.ActiveCfg = Release|Any CPU
		{8A9DBABD-0E5A-4D69-ADDC-184DFF89D27A}.Release|x64.Build.0 = Release|Any CPU
		{8A9DBABD-0E5A-4D69-ADDC-184DFF89D27A}.Release|x86.ActiveCfg = Release|Any CPU
		{8A9DBABD-0E5A-4D69-ADDC-184DFF89D27A}.Release|x86.Build.0 = Release|Any CPU
		{835294C9-5FE5-45AC-97F7-EC7567D4EEF8}.Debug|Any CPU.ActiveCfg = Debug|Any CPU
		{835294C9-5FE5-45AC-97F7-EC7567D4EEF8}.Debug|Any CPU.Build.0 = Debug|Any CPU
		{835294C9-5FE5-45AC-97F7-EC7567D4EEF8}.Debug|Mixed Platforms.ActiveCfg = Debug|x86
		{835294C9-5FE5-45AC-97F7-EC7567D4EEF8}.Debug|Mixed Platforms.Build.0 = Debug|x86
		{835294C9-5FE5-45AC-97F7-EC7567D4EEF8}.Debug|x64.ActiveCfg = Debug|x86
		{835294C9-5FE5-45AC-97F7-EC7567D4EEF8}.Debug|x86.ActiveCfg = Debug|x86
		{835294C9-5FE5-45AC-97F7-EC7567D4EEF8}.Debug|x86.Build.0 = Debug|x86
		{835294C9-5FE5-45AC-97F7-EC7567D4EEF8}.Release|Any CPU.ActiveCfg = Release|Any CPU
		{835294C9-5FE5-45AC-97F7-EC7567D4EEF8}.Release|Any CPU.Build.0 = Release|Any CPU
		{835294C9-5FE5-45AC-97F7-EC7567D4EEF8}.Release|Mixed Platforms.ActiveCfg = Release|x86
		{835294C9-5FE5-45AC-97F7-EC7567D4EEF8}.Release|Mixed Platforms.Build.0 = Release|x86
		{835294C9-5FE5-45AC-97F7-EC7567D4EEF8}.Release|x64.ActiveCfg = Release|x86
		{835294C9-5FE5-45AC-97F7-EC7567D4EEF8}.Release|x86.ActiveCfg = Release|x86
		{835294C9-5FE5-45AC-97F7-EC7567D4EEF8}.Release|x86.Build.0 = Release|x86
		{0E153159-8DE5-476D-99B4-719BB0489F9D}.Debug|Any CPU.ActiveCfg = Debug|Any CPU
		{0E153159-8DE5-476D-99B4-719BB0489F9D}.Debug|Any CPU.Build.0 = Debug|Any CPU
		{0E153159-8DE5-476D-99B4-719BB0489F9D}.Debug|Mixed Platforms.ActiveCfg = Debug|Any CPU
		{0E153159-8DE5-476D-99B4-719BB0489F9D}.Debug|Mixed Platforms.Build.0 = Debug|Any CPU
		{0E153159-8DE5-476D-99B4-719BB0489F9D}.Debug|x64.ActiveCfg = Debug|Any CPU
		{0E153159-8DE5-476D-99B4-719BB0489F9D}.Debug|x64.Build.0 = Debug|Any CPU
		{0E153159-8DE5-476D-99B4-719BB0489F9D}.Debug|x86.ActiveCfg = Debug|Any CPU
		{0E153159-8DE5-476D-99B4-719BB0489F9D}.Debug|x86.Build.0 = Debug|Any CPU
		{0E153159-8DE5-476D-99B4-719BB0489F9D}.Release|Any CPU.ActiveCfg = Release|Any CPU
		{0E153159-8DE5-476D-99B4-719BB0489F9D}.Release|Any CPU.Build.0 = Release|Any CPU
		{0E153159-8DE5-476D-99B4-719BB0489F9D}.Release|Mixed Platforms.ActiveCfg = Release|Any CPU
		{0E153159-8DE5-476D-99B4-719BB0489F9D}.Release|Mixed Platforms.Build.0 = Release|Any CPU
		{0E153159-8DE5-476D-99B4-719BB0489F9D}.Release|x64.ActiveCfg = Release|Any CPU
		{0E153159-8DE5-476D-99B4-719BB0489F9D}.Release|x64.Build.0 = Release|Any CPU
		{0E153159-8DE5-476D-99B4-719BB0489F9D}.Release|x86.ActiveCfg = Release|Any CPU
		{0E153159-8DE5-476D-99B4-719BB0489F9D}.Release|x86.Build.0 = Release|Any CPU
		{89D21A5F-5A0D-4381-811B-72B25ED00A2D}.Debug|Any CPU.ActiveCfg = Debug|Any CPU
		{89D21A5F-5A0D-4381-811B-72B25ED00A2D}.Debug|Any CPU.Build.0 = Debug|Any CPU
		{89D21A5F-5A0D-4381-811B-72B25ED00A2D}.Debug|Mixed Platforms.ActiveCfg = Debug|Any CPU
		{89D21A5F-5A0D-4381-811B-72B25ED00A2D}.Debug|Mixed Platforms.Build.0 = Debug|Any CPU
		{89D21A5F-5A0D-4381-811B-72B25ED00A2D}.Debug|x64.ActiveCfg = Debug|Any CPU
		{89D21A5F-5A0D-4381-811B-72B25ED00A2D}.Debug|x64.Build.0 = Debug|Any CPU
		{89D21A5F-5A0D-4381-811B-72B25ED00A2D}.Debug|x86.ActiveCfg = Debug|Any CPU
		{89D21A5F-5A0D-4381-811B-72B25ED00A2D}.Debug|x86.Build.0 = Debug|Any CPU
		{89D21A5F-5A0D-4381-811B-72B25ED00A2D}.Release|Any CPU.ActiveCfg = Release|Any CPU
		{89D21A5F-5A0D-4381-811B-72B25ED00A2D}.Release|Any CPU.Build.0 = Release|Any CPU
		{89D21A5F-5A0D-4381-811B-72B25ED00A2D}.Release|Mixed Platforms.ActiveCfg = Release|Any CPU
		{89D21A5F-5A0D-4381-811B-72B25ED00A2D}.Release|Mixed Platforms.Build.0 = Release|Any CPU
		{89D21A5F-5A0D-4381-811B-72B25ED00A2D}.Release|x64.ActiveCfg = Release|Any CPU
		{89D21A5F-5A0D-4381-811B-72B25ED00A2D}.Release|x64.Build.0 = Release|Any CPU
		{89D21A5F-5A0D-4381-811B-72B25ED00A2D}.Release|x86.ActiveCfg = Release|Any CPU
		{89D21A5F-5A0D-4381-811B-72B25ED00A2D}.Release|x86.Build.0 = Release|Any CPU
		{496C8A8F-7702-4657-BC83-1D85682D838F}.Debug|Any CPU.ActiveCfg = Debug|Any CPU
		{496C8A8F-7702-4657-BC83-1D85682D838F}.Debug|Any CPU.Build.0 = Debug|Any CPU
		{496C8A8F-7702-4657-BC83-1D85682D838F}.Debug|Mixed Platforms.ActiveCfg = Debug|Any CPU
		{496C8A8F-7702-4657-BC83-1D85682D838F}.Debug|Mixed Platforms.Build.0 = Debug|Any CPU
		{496C8A8F-7702-4657-BC83-1D85682D838F}.Debug|x64.ActiveCfg = Debug|Any CPU
		{496C8A8F-7702-4657-BC83-1D85682D838F}.Debug|x64.Build.0 = Debug|Any CPU
		{496C8A8F-7702-4657-BC83-1D85682D838F}.Debug|x86.ActiveCfg = Debug|Any CPU
		{496C8A8F-7702-4657-BC83-1D85682D838F}.Debug|x86.Build.0 = Debug|Any CPU
		{496C8A8F-7702-4657-BC83-1D85682D838F}.Release|Any CPU.ActiveCfg = Release|Any CPU
		{496C8A8F-7702-4657-BC83-1D85682D838F}.Release|Any CPU.Build.0 = Release|Any CPU
		{496C8A8F-7702-4657-BC83-1D85682D838F}.Release|Mixed Platforms.ActiveCfg = Release|Any CPU
		{496C8A8F-7702-4657-BC83-1D85682D838F}.Release|Mixed Platforms.Build.0 = Release|Any CPU
		{496C8A8F-7702-4657-BC83-1D85682D838F}.Release|x64.ActiveCfg = Release|Any CPU
		{496C8A8F-7702-4657-BC83-1D85682D838F}.Release|x64.Build.0 = Release|Any CPU
		{496C8A8F-7702-4657-BC83-1D85682D838F}.Release|x86.ActiveCfg = Release|Any CPU
		{496C8A8F-7702-4657-BC83-1D85682D838F}.Release|x86.Build.0 = Release|Any CPU
		{E03DAB9A-0ECD-4916-A06D-58C0215601B2}.Debug|Any CPU.ActiveCfg = Debug|Any CPU
		{E03DAB9A-0ECD-4916-A06D-58C0215601B2}.Debug|Any CPU.Build.0 = Debug|Any CPU
		{E03DAB9A-0ECD-4916-A06D-58C0215601B2}.Debug|Mixed Platforms.ActiveCfg = Debug|Any CPU
		{E03DAB9A-0ECD-4916-A06D-58C0215601B2}.Debug|Mixed Platforms.Build.0 = Debug|Any CPU
		{E03DAB9A-0ECD-4916-A06D-58C0215601B2}.Debug|x64.ActiveCfg = Debug|Any CPU
		{E03DAB9A-0ECD-4916-A06D-58C0215601B2}.Debug|x64.Build.0 = Debug|Any CPU
		{E03DAB9A-0ECD-4916-A06D-58C0215601B2}.Debug|x86.ActiveCfg = Debug|Any CPU
		{E03DAB9A-0ECD-4916-A06D-58C0215601B2}.Debug|x86.Build.0 = Debug|Any CPU
		{E03DAB9A-0ECD-4916-A06D-58C0215601B2}.Release|Any CPU.ActiveCfg = Release|Any CPU
		{E03DAB9A-0ECD-4916-A06D-58C0215601B2}.Release|Any CPU.Build.0 = Release|Any CPU
		{E03DAB9A-0ECD-4916-A06D-58C0215601B2}.Release|Mixed Platforms.ActiveCfg = Release|Any CPU
		{E03DAB9A-0ECD-4916-A06D-58C0215601B2}.Release|Mixed Platforms.Build.0 = Release|Any CPU
		{E03DAB9A-0ECD-4916-A06D-58C0215601B2}.Release|x64.ActiveCfg = Release|Any CPU
		{E03DAB9A-0ECD-4916-A06D-58C0215601B2}.Release|x64.Build.0 = Release|Any CPU
		{E03DAB9A-0ECD-4916-A06D-58C0215601B2}.Release|x86.ActiveCfg = Release|Any CPU
		{E03DAB9A-0ECD-4916-A06D-58C0215601B2}.Release|x86.Build.0 = Release|Any CPU
		{444996F6-91F4-4640-B7E0-13D25CFBA2EC}.Debug|Any CPU.ActiveCfg = Debug|Any CPU
		{444996F6-91F4-4640-B7E0-13D25CFBA2EC}.Debug|Any CPU.Build.0 = Debug|Any CPU
		{444996F6-91F4-4640-B7E0-13D25CFBA2EC}.Debug|Mixed Platforms.ActiveCfg = Debug|Any CPU
		{444996F6-91F4-4640-B7E0-13D25CFBA2EC}.Debug|Mixed Platforms.Build.0 = Debug|Any CPU
		{444996F6-91F4-4640-B7E0-13D25CFBA2EC}.Debug|x64.ActiveCfg = Debug|Any CPU
		{444996F6-91F4-4640-B7E0-13D25CFBA2EC}.Debug|x64.Build.0 = Debug|Any CPU
		{444996F6-91F4-4640-B7E0-13D25CFBA2EC}.Debug|x86.ActiveCfg = Debug|Any CPU
		{444996F6-91F4-4640-B7E0-13D25CFBA2EC}.Debug|x86.Build.0 = Debug|Any CPU
		{444996F6-91F4-4640-B7E0-13D25CFBA2EC}.Release|Any CPU.ActiveCfg = Release|Any CPU
		{444996F6-91F4-4640-B7E0-13D25CFBA2EC}.Release|Any CPU.Build.0 = Release|Any CPU
		{444996F6-91F4-4640-B7E0-13D25CFBA2EC}.Release|Mixed Platforms.ActiveCfg = Release|Any CPU
		{444996F6-91F4-4640-B7E0-13D25CFBA2EC}.Release|Mixed Platforms.Build.0 = Release|Any CPU
		{444996F6-91F4-4640-B7E0-13D25CFBA2EC}.Release|x64.ActiveCfg = Release|Any CPU
		{444996F6-91F4-4640-B7E0-13D25CFBA2EC}.Release|x64.Build.0 = Release|Any CPU
		{444996F6-91F4-4640-B7E0-13D25CFBA2EC}.Release|x86.ActiveCfg = Release|Any CPU
		{444996F6-91F4-4640-B7E0-13D25CFBA2EC}.Release|x86.Build.0 = Release|Any CPU
		{763E9DC4-BC9F-4CA0-81EB-83486E820CB9}.Debug|Any CPU.ActiveCfg = Debug|Any CPU
		{763E9DC4-BC9F-4CA0-81EB-83486E820CB9}.Debug|Any CPU.Build.0 = Debug|Any CPU
		{763E9DC4-BC9F-4CA0-81EB-83486E820CB9}.Debug|Mixed Platforms.ActiveCfg = Debug|Any CPU
		{763E9DC4-BC9F-4CA0-81EB-83486E820CB9}.Debug|Mixed Platforms.Build.0 = Debug|Any CPU
		{763E9DC4-BC9F-4CA0-81EB-83486E820CB9}.Debug|x64.ActiveCfg = Debug|Any CPU
		{763E9DC4-BC9F-4CA0-81EB-83486E820CB9}.Debug|x64.Build.0 = Debug|Any CPU
		{763E9DC4-BC9F-4CA0-81EB-83486E820CB9}.Debug|x86.ActiveCfg = Debug|Any CPU
		{763E9DC4-BC9F-4CA0-81EB-83486E820CB9}.Debug|x86.Build.0 = Debug|Any CPU
		{763E9DC4-BC9F-4CA0-81EB-83486E820CB9}.Release|Any CPU.ActiveCfg = Release|Any CPU
		{763E9DC4-BC9F-4CA0-81EB-83486E820CB9}.Release|Any CPU.Build.0 = Release|Any CPU
		{763E9DC4-BC9F-4CA0-81EB-83486E820CB9}.Release|Mixed Platforms.ActiveCfg = Release|Any CPU
		{763E9DC4-BC9F-4CA0-81EB-83486E820CB9}.Release|Mixed Platforms.Build.0 = Release|Any CPU
		{763E9DC4-BC9F-4CA0-81EB-83486E820CB9}.Release|x64.ActiveCfg = Release|Any CPU
		{763E9DC4-BC9F-4CA0-81EB-83486E820CB9}.Release|x64.Build.0 = Release|Any CPU
		{763E9DC4-BC9F-4CA0-81EB-83486E820CB9}.Release|x86.ActiveCfg = Release|Any CPU
		{763E9DC4-BC9F-4CA0-81EB-83486E820CB9}.Release|x86.Build.0 = Release|Any CPU
		{D3AB562A-3DFD-47FF-AD9F-B5F5677A5FC3}.Debug|Any CPU.ActiveCfg = Debug|Any CPU
		{D3AB562A-3DFD-47FF-AD9F-B5F5677A5FC3}.Debug|Any CPU.Build.0 = Debug|Any CPU
		{D3AB562A-3DFD-47FF-AD9F-B5F5677A5FC3}.Debug|Mixed Platforms.ActiveCfg = Debug|Any CPU
		{D3AB562A-3DFD-47FF-AD9F-B5F5677A5FC3}.Debug|Mixed Platforms.Build.0 = Debug|Any CPU
		{D3AB562A-3DFD-47FF-AD9F-B5F5677A5FC3}.Debug|x64.ActiveCfg = Debug|Any CPU
		{D3AB562A-3DFD-47FF-AD9F-B5F5677A5FC3}.Debug|x64.Build.0 = Debug|Any CPU
		{D3AB562A-3DFD-47FF-AD9F-B5F5677A5FC3}.Debug|x86.ActiveCfg = Debug|Any CPU
		{D3AB562A-3DFD-47FF-AD9F-B5F5677A5FC3}.Debug|x86.Build.0 = Debug|Any CPU
		{D3AB562A-3DFD-47FF-AD9F-B5F5677A5FC3}.Release|Any CPU.ActiveCfg = Release|Any CPU
		{D3AB562A-3DFD-47FF-AD9F-B5F5677A5FC3}.Release|Any CPU.Build.0 = Release|Any CPU
		{D3AB562A-3DFD-47FF-AD9F-B5F5677A5FC3}.Release|Mixed Platforms.ActiveCfg = Release|Any CPU
		{D3AB562A-3DFD-47FF-AD9F-B5F5677A5FC3}.Release|Mixed Platforms.Build.0 = Release|Any CPU
		{D3AB562A-3DFD-47FF-AD9F-B5F5677A5FC3}.Release|x64.ActiveCfg = Release|Any CPU
		{D3AB562A-3DFD-47FF-AD9F-B5F5677A5FC3}.Release|x64.Build.0 = Release|Any CPU
		{D3AB562A-3DFD-47FF-AD9F-B5F5677A5FC3}.Release|x86.ActiveCfg = Release|Any CPU
		{D3AB562A-3DFD-47FF-AD9F-B5F5677A5FC3}.Release|x86.Build.0 = Release|Any CPU
		{E8B8A824-EEFE-4325-904A-A75FF0AB3897}.Debug|Any CPU.ActiveCfg = Debug|Any CPU
		{E8B8A824-EEFE-4325-904A-A75FF0AB3897}.Debug|Any CPU.Build.0 = Debug|Any CPU
		{E8B8A824-EEFE-4325-904A-A75FF0AB3897}.Debug|Mixed Platforms.ActiveCfg = Debug|Any CPU
		{E8B8A824-EEFE-4325-904A-A75FF0AB3897}.Debug|Mixed Platforms.Build.0 = Debug|Any CPU
		{E8B8A824-EEFE-4325-904A-A75FF0AB3897}.Debug|x64.ActiveCfg = Debug|Any CPU
		{E8B8A824-EEFE-4325-904A-A75FF0AB3897}.Debug|x64.Build.0 = Debug|Any CPU
		{E8B8A824-EEFE-4325-904A-A75FF0AB3897}.Debug|x86.ActiveCfg = Debug|Any CPU
		{E8B8A824-EEFE-4325-904A-A75FF0AB3897}.Debug|x86.Build.0 = Debug|Any CPU
		{E8B8A824-EEFE-4325-904A-A75FF0AB3897}.Release|Any CPU.ActiveCfg = Release|Any CPU
		{E8B8A824-EEFE-4325-904A-A75FF0AB3897}.Release|Any CPU.Build.0 = Release|Any CPU
		{E8B8A824-EEFE-4325-904A-A75FF0AB3897}.Release|Mixed Platforms.ActiveCfg = Release|Any CPU
		{E8B8A824-EEFE-4325-904A-A75FF0AB3897}.Release|Mixed Platforms.Build.0 = Release|Any CPU
		{E8B8A824-EEFE-4325-904A-A75FF0AB3897}.Release|x64.ActiveCfg = Release|Any CPU
		{E8B8A824-EEFE-4325-904A-A75FF0AB3897}.Release|x64.Build.0 = Release|Any CPU
		{E8B8A824-EEFE-4325-904A-A75FF0AB3897}.Release|x86.ActiveCfg = Release|Any CPU
		{E8B8A824-EEFE-4325-904A-A75FF0AB3897}.Release|x86.Build.0 = Release|Any CPU
		{3BCE7EDA-8BAD-4659-B5A9-7DADD0B2C5B4}.Debug|Any CPU.ActiveCfg = Debug|Any CPU
		{3BCE7EDA-8BAD-4659-B5A9-7DADD0B2C5B4}.Debug|Any CPU.Build.0 = Debug|Any CPU
		{3BCE7EDA-8BAD-4659-B5A9-7DADD0B2C5B4}.Debug|Mixed Platforms.ActiveCfg = Debug|Any CPU
		{3BCE7EDA-8BAD-4659-B5A9-7DADD0B2C5B4}.Debug|Mixed Platforms.Build.0 = Debug|Any CPU
		{3BCE7EDA-8BAD-4659-B5A9-7DADD0B2C5B4}.Debug|x64.ActiveCfg = Debug|Any CPU
		{3BCE7EDA-8BAD-4659-B5A9-7DADD0B2C5B4}.Debug|x64.Build.0 = Debug|Any CPU
		{3BCE7EDA-8BAD-4659-B5A9-7DADD0B2C5B4}.Debug|x86.ActiveCfg = Debug|Any CPU
		{3BCE7EDA-8BAD-4659-B5A9-7DADD0B2C5B4}.Debug|x86.Build.0 = Debug|Any CPU
		{3BCE7EDA-8BAD-4659-B5A9-7DADD0B2C5B4}.Release|Any CPU.ActiveCfg = Release|Any CPU
		{3BCE7EDA-8BAD-4659-B5A9-7DADD0B2C5B4}.Release|Any CPU.Build.0 = Release|Any CPU
		{3BCE7EDA-8BAD-4659-B5A9-7DADD0B2C5B4}.Release|Mixed Platforms.ActiveCfg = Release|Any CPU
		{3BCE7EDA-8BAD-4659-B5A9-7DADD0B2C5B4}.Release|Mixed Platforms.Build.0 = Release|Any CPU
		{3BCE7EDA-8BAD-4659-B5A9-7DADD0B2C5B4}.Release|x64.ActiveCfg = Release|Any CPU
		{3BCE7EDA-8BAD-4659-B5A9-7DADD0B2C5B4}.Release|x64.Build.0 = Release|Any CPU
		{3BCE7EDA-8BAD-4659-B5A9-7DADD0B2C5B4}.Release|x86.ActiveCfg = Release|Any CPU
		{3BCE7EDA-8BAD-4659-B5A9-7DADD0B2C5B4}.Release|x86.Build.0 = Release|Any CPU
		{2BF08993-CC8B-43A8-B3DF-FA288C246E64}.Debug|Any CPU.ActiveCfg = Debug|Any CPU
		{2BF08993-CC8B-43A8-B3DF-FA288C246E64}.Debug|Any CPU.Build.0 = Debug|Any CPU
		{2BF08993-CC8B-43A8-B3DF-FA288C246E64}.Debug|Mixed Platforms.ActiveCfg = Debug|Any CPU
		{2BF08993-CC8B-43A8-B3DF-FA288C246E64}.Debug|Mixed Platforms.Build.0 = Debug|Any CPU
		{2BF08993-CC8B-43A8-B3DF-FA288C246E64}.Debug|x64.ActiveCfg = Debug|Any CPU
		{2BF08993-CC8B-43A8-B3DF-FA288C246E64}.Debug|x64.Build.0 = Debug|Any CPU
		{2BF08993-CC8B-43A8-B3DF-FA288C246E64}.Debug|x86.ActiveCfg = Debug|Any CPU
		{2BF08993-CC8B-43A8-B3DF-FA288C246E64}.Debug|x86.Build.0 = Debug|Any CPU
		{2BF08993-CC8B-43A8-B3DF-FA288C246E64}.Release|Any CPU.ActiveCfg = Release|Any CPU
		{2BF08993-CC8B-43A8-B3DF-FA288C246E64}.Release|Any CPU.Build.0 = Release|Any CPU
		{2BF08993-CC8B-43A8-B3DF-FA288C246E64}.Release|Mixed Platforms.ActiveCfg = Release|Any CPU
		{2BF08993-CC8B-43A8-B3DF-FA288C246E64}.Release|Mixed Platforms.Build.0 = Release|Any CPU
		{2BF08993-CC8B-43A8-B3DF-FA288C246E64}.Release|x64.ActiveCfg = Release|Any CPU
		{2BF08993-CC8B-43A8-B3DF-FA288C246E64}.Release|x64.Build.0 = Release|Any CPU
		{2BF08993-CC8B-43A8-B3DF-FA288C246E64}.Release|x86.ActiveCfg = Release|Any CPU
		{2BF08993-CC8B-43A8-B3DF-FA288C246E64}.Release|x86.Build.0 = Release|Any CPU
	EndGlobalSection
	GlobalSection(SolutionProperties) = preSolution
		HideSolutionNode = FALSE
	EndGlobalSection
	GlobalSection(NestedProjects) = preSolution
		{79A35CD4-0CA7-4AB2-ABAC-C8884C087221} = {783F0223-8009-460B-9A81-032E75A12FEE}
		{2EA63451-D4F2-4F3F-AA5B-E266D95B3595} = {79A35CD4-0CA7-4AB2-ABAC-C8884C087221}
		{1D8A4A86-6E0E-49AB-980D-6622663268C8} = {79A35CD4-0CA7-4AB2-ABAC-C8884C087221}
		{C8BFC563-62BC-4ADC-A020-C609E28BC47D} = {79A35CD4-0CA7-4AB2-ABAC-C8884C087221}
		{78BCA56B-C985-4790-94C0-AC1C118D0C04} = {79A35CD4-0CA7-4AB2-ABAC-C8884C087221}
		{2A00C86A-5384-438E-BA36-EEABDC59132E} = {79A35CD4-0CA7-4AB2-ABAC-C8884C087221}
		{B999792D-9486-46F8-90A5-39D8804D2577} = {79A35CD4-0CA7-4AB2-ABAC-C8884C087221}
		{28E236B2-FC51-4FEF-B4B2-6465455AD369} = {79A35CD4-0CA7-4AB2-ABAC-C8884C087221}
		{3166CF41-0BA9-491A-B20B-8E1E7F288400} = {79A35CD4-0CA7-4AB2-ABAC-C8884C087221}
		{8B12AE26-2C0A-47B0-A453-59E772BE4B1F} = {79A35CD4-0CA7-4AB2-ABAC-C8884C087221}
		{06693B5D-C7EC-441C-9668-412FE2788D38} = {79A35CD4-0CA7-4AB2-ABAC-C8884C087221}
		{12A96179-7A82-4602-B4FD-9BD3602B5F25} = {79A35CD4-0CA7-4AB2-ABAC-C8884C087221}
		{A5C33B0A-65C1-46B5-A48B-108D8AC2EDBC} = {79A35CD4-0CA7-4AB2-ABAC-C8884C087221}
		{C22FB38E-F3CF-4DDA-A3A9-2C3636E388AC} = {273F2DB4-AC75-4342-83AD-167FBECC4CB6}
		{3308EFC3-F631-4A05-B02C-BDACF383CA27} = {273F2DB4-AC75-4342-83AD-167FBECC4CB6}
		{15957C16-D16D-4F96-982C-DA2DB3018AE7} = {273F2DB4-AC75-4342-83AD-167FBECC4CB6}
		{2D5B259E-F08F-4470-9087-D21D5F3670B6} = {273F2DB4-AC75-4342-83AD-167FBECC4CB6}
		{A4C115D6-11FD-4C1C-9682-93D118A34090} = {273F2DB4-AC75-4342-83AD-167FBECC4CB6}
		{F16ACEAB-3D41-411C-BF3B-B25953BA5C89} = {273F2DB4-AC75-4342-83AD-167FBECC4CB6}
		{8BC5E3B5-9D5C-4373-A8D9-019C2D9F8D78} = {273F2DB4-AC75-4342-83AD-167FBECC4CB6}
		{A9309DBB-BEEE-48C1-9EA4-3504647248E0} = {273F2DB4-AC75-4342-83AD-167FBECC4CB6}
		{BD99B215-1868-429A-83A7-124A0DED8F7B} = {273F2DB4-AC75-4342-83AD-167FBECC4CB6}
		{CBDD3FA2-8EA1-4194-8105-BB0B3B33AD4A} = {273F2DB4-AC75-4342-83AD-167FBECC4CB6}
		{7DC2A9BC-9A5A-4F84-8009-FF0D9353061E} = {273F2DB4-AC75-4342-83AD-167FBECC4CB6}
		{3F5F7FD9-78AC-488D-A688-0138A713E786} = {273F2DB4-AC75-4342-83AD-167FBECC4CB6}
		{365BBBDB-3221-48CD-826A-456AC0313DEC} = {273F2DB4-AC75-4342-83AD-167FBECC4CB6}
		{541BBB0F-E9D2-4FC7-A0FF-E9367B5722CD} = {273F2DB4-AC75-4342-83AD-167FBECC4CB6}
		{976CF16B-56F2-481D-BDA8-5624DFCE2324} = {273F2DB4-AC75-4342-83AD-167FBECC4CB6}
		{2006049D-7803-414B-91B0-7D33F1F68C45} = {273F2DB4-AC75-4342-83AD-167FBECC4CB6}
		{AB312658-19E1-492D-A99E-2F5B2439EED0} = {273F2DB4-AC75-4342-83AD-167FBECC4CB6}
		{001F6259-1441-493C-8C72-FA770D283DA9} = {273F2DB4-AC75-4342-83AD-167FBECC4CB6}
		{8A9DBABD-0E5A-4D69-ADDC-184DFF89D27A} = {273F2DB4-AC75-4342-83AD-167FBECC4CB6}
		{835294C9-5FE5-45AC-97F7-EC7567D4EEF8} = {273F2DB4-AC75-4342-83AD-167FBECC4CB6}
		{0E153159-8DE5-476D-99B4-719BB0489F9D} = {273F2DB4-AC75-4342-83AD-167FBECC4CB6}
		{89D21A5F-5A0D-4381-811B-72B25ED00A2D} = {273F2DB4-AC75-4342-83AD-167FBECC4CB6}
		{496C8A8F-7702-4657-BC83-1D85682D838F} = {273F2DB4-AC75-4342-83AD-167FBECC4CB6}
		{E03DAB9A-0ECD-4916-A06D-58C0215601B2} = {273F2DB4-AC75-4342-83AD-167FBECC4CB6}
		{444996F6-91F4-4640-B7E0-13D25CFBA2EC} = {273F2DB4-AC75-4342-83AD-167FBECC4CB6}
		{763E9DC4-BC9F-4CA0-81EB-83486E820CB9} = {273F2DB4-AC75-4342-83AD-167FBECC4CB6}
		{273F2DB4-AC75-4342-83AD-167FBECC4CB6} = {783F0223-8009-460B-9A81-032E75A12FEE}
		{AB1632EB-CC4A-4AB1-885F-C6A60F389A53} = {783F0223-8009-460B-9A81-032E75A12FEE}
		{E8B8A824-EEFE-4325-904A-A75FF0AB3897} = {AB1632EB-CC4A-4AB1-885F-C6A60F389A53}
		{3BCE7EDA-8BAD-4659-B5A9-7DADD0B2C5B4} = {AB1632EB-CC4A-4AB1-885F-C6A60F389A53}
		{2BF08993-CC8B-43A8-B3DF-FA288C246E64} = {AB1632EB-CC4A-4AB1-885F-C6A60F389A53}
	EndGlobalSection
EndGlobal
