
Microsoft Visual Studio Solution File, Format Version 12.00
# Visual Studio 2013
VisualStudioVersion = 12.0.30110.0
MinimumVisualStudioVersion = 10.0.40219.1
Project("{F184B08F-C81C-45F6-A57F-5ABD9991F28F}") = "Case.Subs.Worksets", "Case.Subs.Worksets\Case.Subs.Worksets.vbproj", "{B400C5FC-7CC5-4BD5-8F68-278E82A9DEEB}"
EndProject
Project("{F184B08F-C81C-45F6-A57F-5ABD9991F28F}") = "Case.Lic.Com", "..\..\Case.Lic.Com\Case.Lic.Com\Case.Lic.Com.vbproj", "{D3AB562A-3DFD-47FF-AD9F-B5F5677A5FC3}"
EndProject
Global
	GlobalSection(SolutionConfigurationPlatforms) = preSolution
		Debug|Any CPU = Debug|Any CPU
		Release|Any CPU = Release|Any CPU
	EndGlobalSection
	GlobalSection(ProjectConfigurationPlatforms) = postSolution
		{B400C5FC-7CC5-4BD5-8F68-278E82A9DEEB}.Debug|Any CPU.ActiveCfg = Debug|Any CPU
		{B400C5FC-7CC5-4BD5-8F68-278E82A9DEEB}.Debug|Any CPU.Build.0 = Debug|Any CPU
		{B400C5FC-7CC5-4BD5-8F68-278E82A9DEEB}.Release|Any CPU.ActiveCfg = Release|Any CPU
		{B400C5FC-7CC5-4BD5-8F68-278E82A9DEEB}.Release|Any CPU.Build.0 = Release|Any CPU
		{D3AB562A-3DFD-47FF-AD9F-B5F5677A5FC3}.Debug|Any CPU.ActiveCfg = Debug|Any CPU
		{D3AB562A-3DFD-47FF-AD9F-B5F5677A5FC3}.Debug|Any CPU.Build.0 = Debug|Any CPU
		{D3AB562A-3DFD-47FF-AD9F-B5F5677A5FC3}.Release|Any CPU.ActiveCfg = Release|Any CPU
		{D3AB562A-3DFD-47FF-AD9F-B5F5677A5FC3}.Release|Any CPU.Build.0 = Release|Any CPU
	EndGlobalSection
	GlobalSection(SolutionProperties) = preSolution
		HideSolutionNode = FALSE
	EndGlobalSection
EndGlobal
